PODS:
  - Alamofire (4.7.3)
  - Crashlytics (3.13.4):
    - Fabric (~> 1.10.2)
  - Fabric (1.10.2)
  - Firebase/AdMob (6.7.0):
    - Firebase/CoreOnly
    - Google-Mobile-Ads-SDK (~> 7.48)
  - Firebase/Core (6.7.0):
    - Firebase/CoreOnly
    - FirebaseAnalytics (= 6.1.1)
  - Firebase/CoreOnly (6.7.0):
    - FirebaseCore (= 6.2.1)
  - FirebaseAnalytics (6.1.1):
    - FirebaseCore (~> 6.2)
    - FirebaseInstanceID (~> 4.2)
    - GoogleAppMeasurement (= 6.1.1)
    - GoogleUtilities/AppDelegateSwizzler (~> 6.0)
    - GoogleUtilities/MethodSwizzler (~> 6.0)
    - GoogleUtilities/Network (~> 6.0)
    - "GoogleUtilities/NSData+zlib (~> 6.0)"
    - nanopb (~> 0.3)
  - FirebaseCore (6.2.1):
    - FirebaseCoreDiagnostics (~> 1.0)
    - FirebaseCoreDiagnosticsInterop (~> 1.0)
    - GoogleUtilities/Environment (~> 6.2)
    - GoogleUtilities/Logger (~> 6.2)
  - FirebaseCoreDiagnostics (1.0.1):
    - FirebaseCoreDiagnosticsInterop (~> 1.0)
    - GoogleDataTransportCCTSupport (~> 1.0)
    - GoogleUtilities/Environment (~> 6.2)
    - GoogleUtilities/Logger (~> 6.2)
  - FirebaseCoreDiagnosticsInterop (1.0.0)
  - FirebaseInstanceID (4.2.3):
    - FirebaseCore (~> 6.0)
    - GoogleUtilities/Environment (~> 6.0)
    - GoogleUtilities/UserDefaults (~> 6.0)
  - GADManager (1.0.3):
    - Firebase/AdMob
  - Google-Mobile-Ads-SDK (7.49.0):
    - GoogleAppMeasurement (~> 6.0)
  - GoogleAppMeasurement (6.1.1):
    - GoogleUtilities/AppDelegateSwizzler (~> 6.0)
    - GoogleUtilities/MethodSwizzler (~> 6.0)
    - GoogleUtilities/Network (~> 6.0)
    - "GoogleUtilities/NSData+zlib (~> 6.0)"
    - nanopb (~> 0.3)
  - GoogleDataTransport (1.1.3)
  - GoogleDataTransportCCTSupport (1.0.2):
    - GoogleDataTransport (~> 1.1)
    - nanopb
  - GoogleUtilities/AppDelegateSwizzler (6.2.5):
    - GoogleUtilities/Environment
    - GoogleUtilities/Logger
    - GoogleUtilities/Network
  - GoogleUtilities/Environment (6.2.5)
  - GoogleUtilities/Logger (6.2.5):
    - GoogleUtilities/Environment
  - GoogleUtilities/MethodSwizzler (6.2.5):
    - GoogleUtilities/Logger
  - GoogleUtilities/Network (6.2.5):
    - GoogleUtilities/Logger
    - "GoogleUtilities/NSData+zlib"
    - GoogleUtilities/Reachability
  - "GoogleUtilities/NSData+zlib (6.2.5)"
  - GoogleUtilities/Reachability (6.2.5):
    - GoogleUtilities/Logger
  - GoogleUtilities/UserDefaults (6.2.5):
    - GoogleUtilities/Logger
  - KakaoOpenSDK (1.14.1):
    - KakaoOpenSDK/KakaoCommon (= 1.14.1)
    - KakaoOpenSDK/KakaoLink (= 1.14.1)
    - KakaoOpenSDK/KakaoMessageTemplate (= 1.14.1)
    - KakaoOpenSDK/KakaoNavi (= 1.14.1)
    - KakaoOpenSDK/KakaoOpenSDK (= 1.14.1)
    - KakaoOpenSDK/KakaoS2 (= 1.14.1)
  - KakaoOpenSDK/KakaoCommon (1.14.1)
  - KakaoOpenSDK/KakaoLink (1.14.1):
    - KakaoOpenSDK/KakaoCommon
  - KakaoOpenSDK/KakaoMessageTemplate (1.14.1)
  - KakaoOpenSDK/KakaoNavi (1.14.1):
    - KakaoOpenSDK/KakaoCommon
  - KakaoOpenSDK/KakaoOpenSDK (1.14.1)
  - KakaoOpenSDK/KakaoS2 (1.14.1):
    - KakaoOpenSDK/KakaoCommon
  - LSExtensions (0.1.8)
  - Material (2.16.4):
    - Material/Core (= 2.16.4)
  - Material/Core (2.16.4):
    - Motion (~> 1.4.3)
  - Motion (1.4.3):
    - Motion/Core (= 1.4.3)
  - Motion/Core (1.4.3)
  - nanopb (0.3.901):
    - nanopb/decode (= 0.3.901)
    - nanopb/encode (= 0.3.901)
  - nanopb/decode (0.3.901)
  - nanopb/encode (0.3.901)
  - NaverPapago (0.0.2):
    - Alamofire (~> 4.7.2)
  - RxCocoa (4.5.0):
    - RxSwift (>= 4.4.2, ~> 4.4)
  - RxSwift (4.5.0)

DEPENDENCIES:
  - Alamofire
  - Crashlytics
  - Fabric
  - Firebase/AdMob
  - Firebase/Core
  - GADManager (from `~/Projects/leesam/pods/GADManager/src/GADManager`)
  - KakaoOpenSDK
  - LSExtensions (from `~/Projects/leesam/pods/LSExtensions/src/LSExtensions`)
  - Material (~> 2.16.4)
  - NaverPapago (from `~/Projects/leesam/pods/NaverPapago/src/NaverPapago`)
  - RxCocoa (~> 4.0)
  - RxSwift (~> 4.0)

SPEC REPOS:
  https://github.com/cocoapods/specs.git:
    - Alamofire
    - Crashlytics
    - Fabric
    - Firebase
    - FirebaseAnalytics
    - FirebaseCore
    - FirebaseCoreDiagnostics
    - FirebaseCoreDiagnosticsInterop
    - FirebaseInstanceID
    - Google-Mobile-Ads-SDK
    - GoogleAppMeasurement
    - GoogleDataTransport
    - GoogleDataTransportCCTSupport
    - GoogleUtilities
    - KakaoOpenSDK
    - Material
    - Motion
    - nanopb
    - RxCocoa
    - RxSwift

EXTERNAL SOURCES:
  GADManager:
    :path: "~/Projects/leesam/pods/GADManager/src/GADManager"
  LSExtensions:
    :path: "~/Projects/leesam/pods/LSExtensions/src/LSExtensions"
  NaverPapago:
    :path: "~/Projects/leesam/pods/NaverPapago/src/NaverPapago"

SPEC CHECKSUMS:
  Alamofire: c7287b6e5d7da964a70935e5db17046b7fde6568
  Crashlytics: 2dfd686bcb918dc10ee0e76f7f853fe42c7bd552
  Fabric: 706c8b8098fff96c33c0db69cbf81f9c551d0d74
  Firebase: 291d7b0a7b393f252358083b5d224884126fa46d
  FirebaseAnalytics: 843c7f64a8f9c79f0d03281197ebe7bb1d58d477
  FirebaseCore: 32b48f41c84a56fbde73b35ed01a830b3b6dc048
  FirebaseCoreDiagnostics: 4c04ae09d0ab027c30179828c6bb47764df1bd13
  FirebaseCoreDiagnosticsInterop: 6829da2b8d1fc795ff1bd99df751d3788035d2cb
  FirebaseInstanceID: 8b42755db950682e7de0d167bc6fb26a57b244af
  GADManager: 8edfe2473c3ff5b0589b4ed930d1b111657f183d
  Google-Mobile-Ads-SDK: df315e371b29cf935f7ea872e7bdec39462a100e
  GoogleAppMeasurement: 86a82f0e1f20b8eedf8e20326530138fd71409de
  GoogleDataTransport: 91e682bd60a49d3f8f69f2e909a66efaed5a1e7a
  GoogleDataTransportCCTSupport: 6b545f7149111180763dc18c6f372c963de4a310
  GoogleUtilities: e7dc37039b19df7fe543479d3e4a02ac8d11bb69
  KakaoOpenSDK: 8f26484fee731781441561b7bb7e8a5739188b95
  LSExtensions: 9f3ee7a569c941bae71f0c055877cd2d890ca488
  Material: 4ed78690b09ffd148b5ffab6b4367fb1d8da1cd3
  Motion: 153ba49692997888556c7a95207278a8b1f8be95
  nanopb: 2901f78ea1b7b4015c860c2fdd1ea2fee1a18d48
  NaverPapago: efb1c86cef92ac24329f840578f5d25b258cea8f
  RxCocoa: cbf70265dc65a981d4ac982e513c10cf23df24a0
  RxSwift: f172070dfd1a93d70a9ab97a5a01166206e1c575

PODFILE CHECKSUM: 9876192990bd20d91807c014833413f3d29a7eb7

COCOAPODS: 1.7.5
