PODS:
  - Alamofire (4.7.2)
  - Firebase/AdMob (4.13.0):
    - Firebase/Core
    - Google-Mobile-Ads-SDK (= 7.30.0)
  - Firebase/Core (4.13.0):
    - FirebaseAnalytics (= 4.2.0)
    - FirebaseCore (= 4.0.20)
  - FirebaseAnalytics (4.2.0):
    - FirebaseCore (~> 4.0)
    - FirebaseInstanceID (~> 2.0)
    - "GoogleToolboxForMac/NSData+zlib (~> 2.1)"
    - nanopb (~> 0.3)
  - FirebaseCore (4.0.20):
    - "GoogleToolboxForMac/NSData+zlib (~> 2.1)"
  - FirebaseInstanceID (2.0.10):
    - FirebaseCore (~> 4.0)
  - Google-Mobile-Ads-SDK (7.30.0)
  - GoogleToolboxForMac/Defines (2.1.4)
  - "GoogleToolboxForMac/NSData+zlib (2.1.4)":
    - GoogleToolboxForMac/Defines (= 2.1.4)
  - KakaoOpenSDK (1.7.0):
    - KakaoOpenSDK/KakaoCommon (= 1.7.0)
    - KakaoOpenSDK/KakaoLink (= 1.7.0)
    - KakaoOpenSDK/KakaoMessageTemplate (= 1.7.0)
    - KakaoOpenSDK/KakaoNavi (= 1.7.0)
    - KakaoOpenSDK/KakaoOpenSDK (= 1.7.0)
    - KakaoOpenSDK/KakaoS2 (= 1.7.0)
  - KakaoOpenSDK/KakaoCommon (1.7.0)
  - KakaoOpenSDK/KakaoLink (1.7.0):
    - KakaoOpenSDK/KakaoCommon
  - KakaoOpenSDK/KakaoMessageTemplate (1.7.0)
  - KakaoOpenSDK/KakaoNavi (1.7.0):
    - KakaoOpenSDK/KakaoCommon
  - KakaoOpenSDK/KakaoOpenSDK (1.7.0)
  - KakaoOpenSDK/KakaoS2 (1.7.0):
    - KakaoOpenSDK/KakaoCommon
  - LSExtensions (0.0.5)
  - Material (2.15.0):
    - Material/Core (= 2.15.0)
  - Material/Core (2.15.0):
    - Motion (~> 1.3.0)
  - Motion (1.3.5):
    - Motion/Core (= 1.3.5)
  - Motion/Core (1.3.5)
  - nanopb (0.3.8):
    - nanopb/decode (= 0.3.8)
    - nanopb/encode (= 0.3.8)
  - nanopb/decode (0.3.8)
  - nanopb/encode (0.3.8)
  - NaverPapago (0.0.1):
    - Alamofire (~> 4.7.2)
  - RxCocoa (4.1.2):
    - RxSwift (~> 4.0)
  - RxSwift (4.1.2)

DEPENDENCIES:
  - Alamofire
  - Firebase/AdMob
  - Firebase/Core
  - KakaoOpenSDK
  - LSExtensions (from `~/Projects/leesam/pods/LSExtensions/src/LSExtensions`)
  - Material
  - NaverPapago (from `~/Projects/leesam/pods/NaverPapago/src/NaverPapago`)
  - RxCocoa (~> 4.0)
  - RxSwift (~> 4.0)

SPEC REPOS:
  https://github.com/CocoaPods/Specs.git:
    - Alamofire
    - Firebase
    - FirebaseAnalytics
    - FirebaseCore
    - FirebaseInstanceID
    - Google-Mobile-Ads-SDK
    - GoogleToolboxForMac
    - KakaoOpenSDK
    - Material
    - Motion
    - nanopb
    - RxCocoa
    - RxSwift

EXTERNAL SOURCES:
  LSExtensions:
    :path: "~/Projects/leesam/pods/LSExtensions/src/LSExtensions"
  NaverPapago:
    :path: "~/Projects/leesam/pods/NaverPapago/src/NaverPapago"

SPEC CHECKSUMS:
  Alamofire: e4fa87002c137ba2d8d634d2c51fabcda0d5c223
  Firebase: 5ec5e863d269d82d66b4bf56856726f8fb8f0fb3
  FirebaseAnalytics: 7ef69e76a5142f643aeb47c780e1cdce4e23632e
  FirebaseCore: 90cb1c53d69b556f112a1bf72b5fcfaad7650790
  FirebaseInstanceID: 8d20d890d65c917f9f7d9950b6e10a760ad34321
  Google-Mobile-Ads-SDK: 7404f68120ae8682afeb5af001fbf4aad731c78e
  GoogleToolboxForMac: 91c824d21e85b31c2aae9bb011c5027c9b4e738f
  KakaoOpenSDK: 82e9c4d57c7d273360e4b49c2d8a0d8626216143
  LSExtensions: 9861f9eec4785e984d7e31f8f792228ac0d74cc1
  Material: 00e32bb5e61b3f749044897b2d93acd8bf33faa4
  Motion: 9f74d115d7f72bb5380a8e3cde2f8a1fc898ac36
  nanopb: 5601e6bca2dbf1ed831b519092ec110f66982ca3
  NaverPapago: bfa6bd15cca712f8f8c367d692302b691a16d835
  RxCocoa: d88ba0f1f6abf040011a9eb4b539324fc426843a
  RxSwift: e49536837d9901277638493ea537394d4b55f570

PODFILE CHECKSUM: 6c12ac5f70ba7f463fcca69b23546309b9ab0cc0

COCOAPODS: 1.5.0
