// !$*UTF8*$!
{
	archiveVersion = 1;
	classes = {
	};
	objectVersion = 51;
	objects = {

/* Begin PBXBuildFile section */
		2C0065281E37577D00E404F7 /* Settings.bundle in Resources */ = {isa = PBXBuildFile; fileRef = 2C0065271E37577C00E404F7 /* Settings.bundle */; };
		2C059CE01E00CFF00089DD84 /* Main.storyboard in Resources */ = {isa = PBXBuildFile; fileRef = 2C76627C1DF1003500A2C38C /* Main.storyboard */; };
		2C0F9D3320847AD900DFA455 /* LSLanguagePicker.swift in Sources */ = {isa = PBXBuildFile; fileRef = 2C0F9D3220847AD900DFA455 /* LSLanguagePicker.swift */; };
		2C0F9D36208484BC00DFA455 /* LSLanguagePickerCell.swift in Sources */ = {isa = PBXBuildFile; fileRef = 2C0F9D35208484BC00DFA455 /* LSLanguagePickerCell.swift */; };
		2C0F9D3A20849AAC00DFA455 /* LSLanguagePickerButton.swift in Sources */ = {isa = PBXBuildFile; fileRef = 2C0F9D3920849AAC00DFA455 /* LSLanguagePickerButton.swift */; };
		2C1272352085C4C1009AF35B /* NaverPapago.plist in Resources */ = {isa = PBXBuildFile; fileRef = 2C1272332085BF06009AF35B /* NaverPapago.plist */; };
		2C13A14B20FB688200E6C0E6 /* langs in Resources */ = {isa = PBXBuildFile; fileRef = 2C13A14A20FB688100E6C0E6 /* langs */; };
		2C1425DA1F7A564300BDF794 /* GADRewardManager.swift in Sources */ = {isa = PBXBuildFile; fileRef = 2C1425D71F7A564300BDF794 /* GADRewardManager.swift */; };
		2C1425DB1F7A564300BDF794 /* ReviewManager.swift in Sources */ = {isa = PBXBuildFile; fileRef = 2C1425D81F7A564300BDF794 /* ReviewManager.swift */; };
		2C155FA31F839F7E008AAD3F /* LSDefaults.swift in Sources */ = {isa = PBXBuildFile; fileRef = 2C155FA21F839F7E008AAD3F /* LSDefaults.swift */; };
		2C155FA51F83A66E008AAD3F /* UIApplication+KakaoLink.swift in Sources */ = {isa = PBXBuildFile; fileRef = 2C155FA41F83A66E008AAD3F /* UIApplication+KakaoLink.swift */; };
		2C1932751E9E595E0056262C /* GADInterstitial+.swift in Sources */ = {isa = PBXBuildFile; fileRef = 2C1932741E9E595E0056262C /* GADInterstitial+.swift */; };
		2C4445431E25C4FF005C9EE4 /* credif.png in Resources */ = {isa = PBXBuildFile; fileRef = 2C4445421E25C4FF005C9EE4 /* credif.png */; };
		2C4445451E25C518005C9EE4 /* icons8.png in Resources */ = {isa = PBXBuildFile; fileRef = 2C4445441E25C518005C9EE4 /* icons8.png */; };
		2C4445471E25E8D0005C9EE4 /* pin_off.png in Resources */ = {isa = PBXBuildFile; fileRef = 2C4445461E25E8D0005C9EE4 /* pin_off.png */; };
		2C4445491E25E8E0005C9EE4 /* pin_on.png in Resources */ = {isa = PBXBuildFile; fileRef = 2C4445481E25E8E0005C9EE4 /* pin_on.png */; };
		2C58365D1DFD0840004B28FF /* GADBannerView+.swift in Sources */ = {isa = PBXBuildFile; fileRef = 2C58365C1DFD0840004B28FF /* GADBannerView+.swift */; };
		2C5836621DFD1949004B28FF /* Localizable.strings in Resources */ = {isa = PBXBuildFile; fileRef = 2C5836641DFD1949004B28FF /* Localizable.strings */; };
		2C5A6CEA228F978B00F80205 /* GoogleService-Info.plist in Resources */ = {isa = PBXBuildFile; fileRef = 2C5A6CE9228F978B00F80205 /* GoogleService-Info.plist */; };
		2C5C441726CA0A8D00C71FFF /* GADRewardedAd+.swift in Sources */ = {isa = PBXBuildFile; fileRef = 2C5C441626CA0A8D00C71FFF /* GADRewardedAd+.swift */; };
		2C72897E1E011361000553F6 /* InfoPlist.strings in Resources */ = {isa = PBXBuildFile; fileRef = 2C7289801E011361000553F6 /* InfoPlist.strings */; };
		2C7662791DF1003500A2C38C /* AppDelegate.swift in Sources */ = {isa = PBXBuildFile; fileRef = 2C7662781DF1003500A2C38C /* AppDelegate.swift */; };
		2C76627B1DF1003500A2C38C /* MainViewController.swift in Sources */ = {isa = PBXBuildFile; fileRef = 2C76627A1DF1003500A2C38C /* MainViewController.swift */; };
		2C7662811DF1003500A2C38C /* talktrans.xcdatamodeld in Sources */ = {isa = PBXBuildFile; fileRef = 2C76627F1DF1003500A2C38C /* talktrans.xcdatamodeld */; };
		2C7662831DF1003500A2C38C /* Assets.xcassets in Resources */ = {isa = PBXBuildFile; fileRef = 2C7662821DF1003500A2C38C /* Assets.xcassets */; };
		2C7662861DF1003500A2C38C /* LaunchScreen.storyboard in Resources */ = {isa = PBXBuildFile; fileRef = 2C7662841DF1003500A2C38C /* LaunchScreen.storyboard */; };
		2C7662911DF1003500A2C38C /* talktransTests.swift in Sources */ = {isa = PBXBuildFile; fileRef = 2C7662901DF1003500A2C38C /* talktransTests.swift */; };
		2C76629C1DF1003500A2C38C /* talktransUITests.swift in Sources */ = {isa = PBXBuildFile; fileRef = 2C76629B1DF1003500A2C38C /* talktransUITests.swift */; };
		2CD074571E9FAE7A0032CFCD /* Y2K.PNG in Resources */ = {isa = PBXBuildFile; fileRef = 2CD074561E9FAE7A0032CFCD /* Y2K.PNG */; };
		2CE3070925DA3E020066D8C1 /* AVAudioSession+.swift in Sources */ = {isa = PBXBuildFile; fileRef = 2CE3070825DA3E020066D8C1 /* AVAudioSession+.swift */; };
		2CF31DF71E640DDB00992A7A /* action_white@x1.5.png in Resources */ = {isa = PBXBuildFile; fileRef = 2CF31DF61E640DDB00992A7A /* action_white@x1.5.png */; };
		2CF31DF91E64219F00992A7A /* fix_on_white@x32.png in Resources */ = {isa = PBXBuildFile; fileRef = 2CF31DF81E64219F00992A7A /* fix_on_white@x32.png */; };
		2CF31DFB1E6421CF00992A7A /* fix_off_white@x32.png in Resources */ = {isa = PBXBuildFile; fileRef = 2CF31DFA1E6421CF00992A7A /* fix_off_white@x32.png */; };
		2CF31DFD1E64226B00992A7A /* fix_on_white@x25.png in Resources */ = {isa = PBXBuildFile; fileRef = 2CF31DFC1E64226B00992A7A /* fix_on_white@x25.png */; };
		2CF31DFF1E64228700992A7A /* fix_off_white@x25.png in Resources */ = {isa = PBXBuildFile; fileRef = 2CF31DFE1E64228700992A7A /* fix_off_white@x25.png */; };
		2CFB6D701E25189D00AA2285 /* review_white_line@x1.5.png in Resources */ = {isa = PBXBuildFile; fileRef = 2CFB6D6F1E25189D00AA2285 /* review_white_line@x1.5.png */; };
		2CFB6D741E2519BB00AA2285 /* swap.png in Resources */ = {isa = PBXBuildFile; fileRef = 2CFB6D731E2519BB00AA2285 /* swap.png */; };
		2CFB6D761E251A2900AA2285 /* rotate_left.png in Resources */ = {isa = PBXBuildFile; fileRef = 2CFB6D751E251A2900AA2285 /* rotate_left.png */; };
		2CFB6D781E251A5700AA2285 /* rotate_right.png in Resources */ = {isa = PBXBuildFile; fileRef = 2CFB6D771E251A5700AA2285 /* rotate_right.png */; };
		2E0B9A4818A1EBFA5D74C0D3 /* Pods_talktrans.framework in Frameworks */ = {isa = PBXBuildFile; fileRef = BE8DC9F6D096D853161CDCA5 /* Pods_talktrans.framework */; };
		377893159078DDD1EE5DB1DB /* Pods_talktransTests.framework in Frameworks */ = {isa = PBXBuildFile; fileRef = CD26230AD72D90AA378D60E3 /* Pods_talktransTests.framework */; };
		8DFF1CB23F66884EF2ADE578 /* Pods_talktransUITests.framework in Frameworks */ = {isa = PBXBuildFile; fileRef = E4F264F856C43861B97A2634 /* Pods_talktransUITests.framework */; };
/* End PBXBuildFile section */

/* Begin PBXContainerItemProxy section */
		2C76628D1DF1003500A2C38C /* PBXContainerItemProxy */ = {
			isa = PBXContainerItemProxy;
			containerPortal = 2C76626D1DF1003500A2C38C /* Project object */;
			proxyType = 1;
			remoteGlobalIDString = 2C7662741DF1003500A2C38C;
			remoteInfo = talktrans;
		};
		2C7662981DF1003500A2C38C /* PBXContainerItemProxy */ = {
			isa = PBXContainerItemProxy;
			containerPortal = 2C76626D1DF1003500A2C38C /* Project object */;
			proxyType = 1;
			remoteGlobalIDString = 2C7662741DF1003500A2C38C;
			remoteInfo = talktrans;
		};
/* End PBXContainerItemProxy section */

/* Begin PBXCopyFilesBuildPhase section */
		2CFF0C261E35E3AC004F9EF4 /* Embed App Extensions */ = {
			isa = PBXCopyFilesBuildPhase;
			buildActionMask = 2147483647;
			dstPath = "";
			dstSubfolderSpec = 13;
			files = (
			);
			name = "Embed App Extensions";
			runOnlyForDeploymentPostprocessing = 0;
		};
/* End PBXCopyFilesBuildPhase section */

/* Begin PBXFileReference section */
		15A5DF8C20BE64F79C5108B9 /* Pods-talktransTests.release.xcconfig */ = {isa = PBXFileReference; includeInIndex = 1; lastKnownFileType = text.xcconfig; name = "Pods-talktransTests.release.xcconfig"; path = "Target Support Files/Pods-talktransTests/Pods-talktransTests.release.xcconfig"; sourceTree = "<group>"; };
		2C0065271E37577C00E404F7 /* Settings.bundle */ = {isa = PBXFileReference; lastKnownFileType = "wrapper.plug-in"; path = Settings.bundle; sourceTree = "<group>"; };
		2C0264411DFF856300BB9F7D /* zh-Hans */ = {isa = PBXFileReference; lastKnownFileType = text.plist.strings; name = "zh-Hans"; path = "zh-Hans.lproj/Localizable.strings"; sourceTree = "<group>"; };
		2C0264421DFF873A00BB9F7D /* zh-Hant-TW */ = {isa = PBXFileReference; lastKnownFileType = text.plist.strings; name = "zh-Hant-TW"; path = "zh-Hant-TW.lproj/Localizable.strings"; sourceTree = "<group>"; };
		2C0F9D3220847AD900DFA455 /* LSLanguagePicker.swift */ = {isa = PBXFileReference; lastKnownFileType = sourcecode.swift; path = LSLanguagePicker.swift; sourceTree = "<group>"; };
		2C0F9D35208484BC00DFA455 /* LSLanguagePickerCell.swift */ = {isa = PBXFileReference; lastKnownFileType = sourcecode.swift; path = LSLanguagePickerCell.swift; sourceTree = "<group>"; };
		2C0F9D3920849AAC00DFA455 /* LSLanguagePickerButton.swift */ = {isa = PBXFileReference; lastKnownFileType = sourcecode.swift; path = LSLanguagePickerButton.swift; sourceTree = "<group>"; };
		2C1272332085BF06009AF35B /* NaverPapago.plist */ = {isa = PBXFileReference; lastKnownFileType = text.plist.xml; path = NaverPapago.plist; sourceTree = "<group>"; };
		2C12F92E2312410A00B4870B /* de */ = {isa = PBXFileReference; lastKnownFileType = text.plist.strings; name = de; path = de.lproj/Main.strings; sourceTree = "<group>"; };
		2C12F92F2312410A00B4870B /* de */ = {isa = PBXFileReference; lastKnownFileType = text.plist.strings; name = de; path = de.lproj/MainInterface.strings; sourceTree = "<group>"; };
		2C12F9302312410B00B4870B /* de */ = {isa = PBXFileReference; lastKnownFileType = text.plist.strings; name = de; path = de.lproj/MainInterface.strings; sourceTree = "<group>"; };
		2C12F9312312410B00B4870B /* de */ = {isa = PBXFileReference; lastKnownFileType = text.plist.strings; name = de; path = de.lproj/Localizable.strings; sourceTree = "<group>"; };
		2C12F9322312410B00B4870B /* de */ = {isa = PBXFileReference; lastKnownFileType = text.plist.strings; name = de; path = de.lproj/Localizable.strings; sourceTree = "<group>"; };
		2C12F9332312414800B4870B /* ru */ = {isa = PBXFileReference; lastKnownFileType = text.plist.strings; name = ru; path = ru.lproj/Main.strings; sourceTree = "<group>"; };
		2C12F9342312414800B4870B /* ru */ = {isa = PBXFileReference; lastKnownFileType = text.plist.strings; name = ru; path = ru.lproj/MainInterface.strings; sourceTree = "<group>"; };
		2C12F9352312414800B4870B /* ru */ = {isa = PBXFileReference; lastKnownFileType = text.plist.strings; name = ru; path = ru.lproj/MainInterface.strings; sourceTree = "<group>"; };
		2C12F9362312414800B4870B /* ru */ = {isa = PBXFileReference; lastKnownFileType = text.plist.strings; name = ru; path = ru.lproj/Localizable.strings; sourceTree = "<group>"; };
		2C12F9372312414800B4870B /* ru */ = {isa = PBXFileReference; lastKnownFileType = text.plist.strings; name = ru; path = ru.lproj/Localizable.strings; sourceTree = "<group>"; };
		2C12F9382312415F00B4870B /* it */ = {isa = PBXFileReference; lastKnownFileType = text.plist.strings; name = it; path = it.lproj/Main.strings; sourceTree = "<group>"; };
		2C12F9392312415F00B4870B /* it */ = {isa = PBXFileReference; lastKnownFileType = text.plist.strings; name = it; path = it.lproj/MainInterface.strings; sourceTree = "<group>"; };
		2C12F93A2312415F00B4870B /* it */ = {isa = PBXFileReference; lastKnownFileType = text.plist.strings; name = it; path = it.lproj/MainInterface.strings; sourceTree = "<group>"; };
		2C12F93B2312415F00B4870B /* it */ = {isa = PBXFileReference; lastKnownFileType = text.plist.strings; name = it; path = it.lproj/Localizable.strings; sourceTree = "<group>"; };
		2C12F93C2312416000B4870B /* it */ = {isa = PBXFileReference; lastKnownFileType = text.plist.strings; name = it; path = it.lproj/Localizable.strings; sourceTree = "<group>"; };
		2C13A14A20FB688100E6C0E6 /* langs */ = {isa = PBXFileReference; lastKnownFileType = folder; path = langs; sourceTree = "<group>"; };
		2C140A3C208218B900BD6A76 /* DataRequest+.swift */ = {isa = PBXFileReference; lastKnownFileType = sourcecode.swift; path = "DataRequest+.swift"; sourceTree = "<group>"; };
		2C140A4920823C0C00BD6A76 /* es */ = {isa = PBXFileReference; lastKnownFileType = text.plist.strings; name = es; path = es.lproj/Localizable.strings; sourceTree = "<group>"; };
		2C140A4B20823C0D00BD6A76 /* es */ = {isa = PBXFileReference; lastKnownFileType = text.plist.strings; name = es; path = es.lproj/Main.strings; sourceTree = "<group>"; };
		2C140A4C20823C0D00BD6A76 /* es */ = {isa = PBXFileReference; lastKnownFileType = text.plist.strings; name = es; path = es.lproj/MainInterface.strings; sourceTree = "<group>"; };
		2C140A4D20823C0D00BD6A76 /* es */ = {isa = PBXFileReference; lastKnownFileType = text.plist.strings; name = es; path = es.lproj/MainInterface.strings; sourceTree = "<group>"; };
		2C140A4F20823C0D00BD6A76 /* es */ = {isa = PBXFileReference; lastKnownFileType = text.plist.strings; name = es; path = es.lproj/Localizable.strings; sourceTree = "<group>"; };
		2C140A5020823EC900BD6A76 /* vi */ = {isa = PBXFileReference; lastKnownFileType = text.plist.strings; name = vi; path = vi.lproj/Main.strings; sourceTree = "<group>"; };
		2C140A5120823EC900BD6A76 /* vi */ = {isa = PBXFileReference; lastKnownFileType = text.plist.strings; name = vi; path = vi.lproj/MainInterface.strings; sourceTree = "<group>"; };
		2C140A5220823EC900BD6A76 /* vi */ = {isa = PBXFileReference; lastKnownFileType = text.plist.strings; name = vi; path = vi.lproj/MainInterface.strings; sourceTree = "<group>"; };
		2C140A5320823EC900BD6A76 /* vi */ = {isa = PBXFileReference; lastKnownFileType = text.plist.strings; name = vi; path = vi.lproj/Localizable.strings; sourceTree = "<group>"; };
		2C140A5420823EC900BD6A76 /* vi */ = {isa = PBXFileReference; lastKnownFileType = text.plist.strings; name = vi; path = vi.lproj/Localizable.strings; sourceTree = "<group>"; };
		2C140A5520823EE600BD6A76 /* th */ = {isa = PBXFileReference; lastKnownFileType = text.plist.strings; name = th; path = th.lproj/Main.strings; sourceTree = "<group>"; };
		2C140A5620823EE600BD6A76 /* th */ = {isa = PBXFileReference; lastKnownFileType = text.plist.strings; name = th; path = th.lproj/MainInterface.strings; sourceTree = "<group>"; };
		2C140A5720823EE600BD6A76 /* th */ = {isa = PBXFileReference; lastKnownFileType = text.plist.strings; name = th; path = th.lproj/MainInterface.strings; sourceTree = "<group>"; };
		2C140A5820823EE600BD6A76 /* th */ = {isa = PBXFileReference; lastKnownFileType = text.plist.strings; name = th; path = th.lproj/Localizable.strings; sourceTree = "<group>"; };
		2C140A5920823EE600BD6A76 /* th */ = {isa = PBXFileReference; lastKnownFileType = text.plist.strings; name = th; path = th.lproj/Localizable.strings; sourceTree = "<group>"; };
		2C140A5A20823EFC00BD6A76 /* id */ = {isa = PBXFileReference; lastKnownFileType = text.plist.strings; name = id; path = id.lproj/Main.strings; sourceTree = "<group>"; };
		2C140A5B20823EFC00BD6A76 /* id */ = {isa = PBXFileReference; lastKnownFileType = text.plist.strings; name = id; path = id.lproj/MainInterface.strings; sourceTree = "<group>"; };
		2C140A5C20823EFC00BD6A76 /* id */ = {isa = PBXFileReference; lastKnownFileType = text.plist.strings; name = id; path = id.lproj/MainInterface.strings; sourceTree = "<group>"; };
		2C140A5D20823EFC00BD6A76 /* id */ = {isa = PBXFileReference; lastKnownFileType = text.plist.strings; name = id; path = id.lproj/Localizable.strings; sourceTree = "<group>"; };
		2C140A5E20823EFC00BD6A76 /* id */ = {isa = PBXFileReference; lastKnownFileType = text.plist.strings; name = id; path = id.lproj/Localizable.strings; sourceTree = "<group>"; };
		2C140A5F2082401000BD6A76 /* fr */ = {isa = PBXFileReference; lastKnownFileType = text.plist.strings; name = fr; path = fr.lproj/Main.strings; sourceTree = "<group>"; };
		2C140A602082401000BD6A76 /* fr */ = {isa = PBXFileReference; lastKnownFileType = text.plist.strings; name = fr; path = fr.lproj/MainInterface.strings; sourceTree = "<group>"; };
		2C140A612082401000BD6A76 /* fr */ = {isa = PBXFileReference; lastKnownFileType = text.plist.strings; name = fr; path = fr.lproj/MainInterface.strings; sourceTree = "<group>"; };
		2C140A622082401000BD6A76 /* fr */ = {isa = PBXFileReference; lastKnownFileType = text.plist.strings; name = fr; path = fr.lproj/Localizable.strings; sourceTree = "<group>"; };
		2C140A632082401000BD6A76 /* fr */ = {isa = PBXFileReference; lastKnownFileType = text.plist.strings; name = fr; path = fr.lproj/Localizable.strings; sourceTree = "<group>"; };
		2C1425D71F7A564300BDF794 /* GADRewardManager.swift */ = {isa = PBXFileReference; fileEncoding = 4; lastKnownFileType = sourcecode.swift; path = GADRewardManager.swift; sourceTree = "<group>"; };
		2C1425D81F7A564300BDF794 /* ReviewManager.swift */ = {isa = PBXFileReference; fileEncoding = 4; lastKnownFileType = sourcecode.swift; path = ReviewManager.swift; sourceTree = "<group>"; };
		2C155FA21F839F7E008AAD3F /* LSDefaults.swift */ = {isa = PBXFileReference; fileEncoding = 4; lastKnownFileType = sourcecode.swift; path = LSDefaults.swift; sourceTree = "<group>"; };
		2C155FA41F83A66E008AAD3F /* UIApplication+KakaoLink.swift */ = {isa = PBXFileReference; fileEncoding = 4; lastKnownFileType = sourcecode.swift; path = "UIApplication+KakaoLink.swift"; sourceTree = "<group>"; };
		2C1932741E9E595E0056262C /* GADInterstitial+.swift */ = {isa = PBXFileReference; fileEncoding = 4; lastKnownFileType = sourcecode.swift; path = "GADInterstitial+.swift"; sourceTree = "<group>"; };
		2C4445421E25C4FF005C9EE4 /* credif.png */ = {isa = PBXFileReference; lastKnownFileType = image.png; path = credif.png; sourceTree = "<group>"; };
		2C4445441E25C518005C9EE4 /* icons8.png */ = {isa = PBXFileReference; lastKnownFileType = image.png; path = icons8.png; sourceTree = "<group>"; };
		2C4445461E25E8D0005C9EE4 /* pin_off.png */ = {isa = PBXFileReference; lastKnownFileType = image.png; path = pin_off.png; sourceTree = "<group>"; };
		2C4445481E25E8E0005C9EE4 /* pin_on.png */ = {isa = PBXFileReference; lastKnownFileType = image.png; path = pin_on.png; sourceTree = "<group>"; };
		2C58365C1DFD0840004B28FF /* GADBannerView+.swift */ = {isa = PBXFileReference; fileEncoding = 4; lastKnownFileType = sourcecode.swift; path = "GADBannerView+.swift"; sourceTree = "<group>"; };
		2C5836631DFD1949004B28FF /* Base */ = {isa = PBXFileReference; lastKnownFileType = text.plist.strings; name = Base; path = Base.lproj/Localizable.strings; sourceTree = "<group>"; };
		2C5836651DFD194E004B28FF /* ko */ = {isa = PBXFileReference; lastKnownFileType = text.plist.strings; name = ko; path = ko.lproj/Localizable.strings; sourceTree = "<group>"; };
		2C5A6CE9228F978B00F80205 /* GoogleService-Info.plist */ = {isa = PBXFileReference; fileEncoding = 4; lastKnownFileType = text.plist.xml; path = "GoogleService-Info.plist"; sourceTree = "<group>"; };
		2C5C441626CA0A8D00C71FFF /* GADRewardedAd+.swift */ = {isa = PBXFileReference; lastKnownFileType = sourcecode.swift; path = "GADRewardedAd+.swift"; sourceTree = "<group>"; };
		2C72897A1E011318000553F6 /* Info.plist */ = {isa = PBXFileReference; fileEncoding = 4; lastKnownFileType = text.plist.xml; path = Info.plist; sourceTree = "<group>"; };
		2C72897F1E011361000553F6 /* ko */ = {isa = PBXFileReference; lastKnownFileType = text.plist.strings; name = ko; path = ko.lproj/InfoPlist.strings; sourceTree = "<group>"; };
		2C7662751DF1003500A2C38C /* talktrans.app */ = {isa = PBXFileReference; explicitFileType = wrapper.application; includeInIndex = 0; path = talktrans.app; sourceTree = BUILT_PRODUCTS_DIR; };
		2C7662781DF1003500A2C38C /* AppDelegate.swift */ = {isa = PBXFileReference; lastKnownFileType = sourcecode.swift; path = AppDelegate.swift; sourceTree = "<group>"; };
		2C76627A1DF1003500A2C38C /* MainViewController.swift */ = {isa = PBXFileReference; lastKnownFileType = sourcecode.swift; path = MainViewController.swift; sourceTree = "<group>"; };
		2C76627D1DF1003500A2C38C /* Base */ = {isa = PBXFileReference; lastKnownFileType = file.storyboard; name = Base; path = Base.lproj/Main.storyboard; sourceTree = "<group>"; };
		2C7662801DF1003500A2C38C /* talktrans.xcdatamodel */ = {isa = PBXFileReference; lastKnownFileType = wrapper.xcdatamodel; path = talktrans.xcdatamodel; sourceTree = "<group>"; };
		2C7662821DF1003500A2C38C /* Assets.xcassets */ = {isa = PBXFileReference; lastKnownFileType = folder.assetcatalog; path = Assets.xcassets; sourceTree = "<group>"; };
		2C7662851DF1003500A2C38C /* Base */ = {isa = PBXFileReference; lastKnownFileType = file.storyboard; name = Base; path = Base.lproj/LaunchScreen.storyboard; sourceTree = "<group>"; };
		2C76628C1DF1003500A2C38C /* talktransTests.xctest */ = {isa = PBXFileReference; explicitFileType = wrapper.cfbundle; includeInIndex = 0; path = talktransTests.xctest; sourceTree = BUILT_PRODUCTS_DIR; };
		2C7662901DF1003500A2C38C /* talktransTests.swift */ = {isa = PBXFileReference; lastKnownFileType = sourcecode.swift; path = talktransTests.swift; sourceTree = "<group>"; };
		2C7662921DF1003500A2C38C /* Info.plist */ = {isa = PBXFileReference; lastKnownFileType = text.plist.xml; path = Info.plist; sourceTree = "<group>"; };
		2C7662971DF1003500A2C38C /* talktransUITests.xctest */ = {isa = PBXFileReference; explicitFileType = wrapper.cfbundle; includeInIndex = 0; path = talktransUITests.xctest; sourceTree = BUILT_PRODUCTS_DIR; };
		2C76629B1DF1003500A2C38C /* talktransUITests.swift */ = {isa = PBXFileReference; lastKnownFileType = sourcecode.swift; path = talktransUITests.swift; sourceTree = "<group>"; };
		2C76629D1DF1003500A2C38C /* Info.plist */ = {isa = PBXFileReference; lastKnownFileType = text.plist.xml; path = Info.plist; sourceTree = "<group>"; };
		2CD074561E9FAE7A0032CFCD /* Y2K.PNG */ = {isa = PBXFileReference; lastKnownFileType = image.png; path = Y2K.PNG; sourceTree = "<group>"; };
		2CD5BA541DFD975C00AA0E16 /* ja */ = {isa = PBXFileReference; lastKnownFileType = text.plist.strings; name = ja; path = ja.lproj/Localizable.strings; sourceTree = "<group>"; };
		2CE3070825DA3E020066D8C1 /* AVAudioSession+.swift */ = {isa = PBXFileReference; lastKnownFileType = sourcecode.swift; path = "AVAudioSession+.swift"; sourceTree = "<group>"; };
		2CF31DF61E640DDB00992A7A /* action_white@x1.5.png */ = {isa = PBXFileReference; lastKnownFileType = image.png; path = "action_white@x1.5.png"; sourceTree = "<group>"; };
		2CF31DF81E64219F00992A7A /* fix_on_white@x32.png */ = {isa = PBXFileReference; lastKnownFileType = image.png; path = "fix_on_white@x32.png"; sourceTree = "<group>"; };
		2CF31DFA1E6421CF00992A7A /* fix_off_white@x32.png */ = {isa = PBXFileReference; lastKnownFileType = image.png; path = "fix_off_white@x32.png"; sourceTree = "<group>"; };
		2CF31DFC1E64226B00992A7A /* fix_on_white@x25.png */ = {isa = PBXFileReference; lastKnownFileType = image.png; path = "fix_on_white@x25.png"; sourceTree = "<group>"; };
		2CF31DFE1E64228700992A7A /* fix_off_white@x25.png */ = {isa = PBXFileReference; lastKnownFileType = image.png; path = "fix_off_white@x25.png"; sourceTree = "<group>"; };
		2CFB6D6F1E25189D00AA2285 /* review_white_line@x1.5.png */ = {isa = PBXFileReference; lastKnownFileType = image.png; path = "review_white_line@x1.5.png"; sourceTree = "<group>"; };
		2CFB6D731E2519BB00AA2285 /* swap.png */ = {isa = PBXFileReference; lastKnownFileType = image.png; path = swap.png; sourceTree = "<group>"; };
		2CFB6D751E251A2900AA2285 /* rotate_left.png */ = {isa = PBXFileReference; lastKnownFileType = image.png; path = rotate_left.png; sourceTree = "<group>"; };
		2CFB6D771E251A5700AA2285 /* rotate_right.png */ = {isa = PBXFileReference; lastKnownFileType = image.png; path = rotate_right.png; sourceTree = "<group>"; };
		2CFEDF921E36FA07009470A4 /* Base */ = {isa = PBXFileReference; lastKnownFileType = text.plist.strings; name = Base; path = Base.lproj/Localizable.strings; sourceTree = "<group>"; };
		2CFEDF951E36FA1B009470A4 /* ja */ = {isa = PBXFileReference; lastKnownFileType = text.plist.strings; name = ja; path = ja.lproj/Localizable.strings; sourceTree = "<group>"; };
		2CFEDF961E36FA1D009470A4 /* zh-Hans */ = {isa = PBXFileReference; lastKnownFileType = text.plist.strings; name = "zh-Hans"; path = "zh-Hans.lproj/Localizable.strings"; sourceTree = "<group>"; };
		2CFEDF971E36FA1F009470A4 /* zh-Hant-TW */ = {isa = PBXFileReference; lastKnownFileType = text.plist.strings; name = "zh-Hant-TW"; path = "zh-Hant-TW.lproj/Localizable.strings"; sourceTree = "<group>"; };
		2CFEDF981E36FA35009470A4 /* ko */ = {isa = PBXFileReference; lastKnownFileType = text.plist.strings; name = ko; path = ko.lproj/Localizable.strings; sourceTree = "<group>"; };
		2CFEDF9A1E36FEC3009470A4 /* ko */ = {isa = PBXFileReference; lastKnownFileType = text.plist.strings; name = ko; path = ko.lproj/MainInterface.strings; sourceTree = "<group>"; };
		2CFEDF9C1E36FED0009470A4 /* ja */ = {isa = PBXFileReference; lastKnownFileType = text.plist.strings; name = ja; path = ja.lproj/MainInterface.strings; sourceTree = "<group>"; };
		2CFEDF9E1E36FED3009470A4 /* zh-Hans */ = {isa = PBXFileReference; lastKnownFileType = text.plist.strings; name = "zh-Hans"; path = "zh-Hans.lproj/MainInterface.strings"; sourceTree = "<group>"; };
		2CFEDFA01E36FED6009470A4 /* zh-Hant-TW */ = {isa = PBXFileReference; lastKnownFileType = text.plist.strings; name = "zh-Hant-TW"; path = "zh-Hant-TW.lproj/MainInterface.strings"; sourceTree = "<group>"; };
		2CFF0C1A1E35E3AC004F9EF4 /* ShareViewController.swift */ = {isa = PBXFileReference; lastKnownFileType = sourcecode.swift; path = ShareViewController.swift; sourceTree = "<group>"; };
		2CFF0C1D1E35E3AC004F9EF4 /* Base */ = {isa = PBXFileReference; lastKnownFileType = file.storyboard; name = Base; path = Base.lproj/MainInterface.storyboard; sourceTree = "<group>"; };
		2CFF0C1F1E35E3AC004F9EF4 /* Info.plist */ = {isa = PBXFileReference; lastKnownFileType = text.plist.xml; path = Info.plist; sourceTree = "<group>"; };
		2CFF0C2D1E35F160004F9EF4 /* ActionViewController.swift */ = {isa = PBXFileReference; lastKnownFileType = sourcecode.swift; path = ActionViewController.swift; sourceTree = "<group>"; };
		2CFF0C301E35F160004F9EF4 /* Base */ = {isa = PBXFileReference; lastKnownFileType = file.storyboard; name = Base; path = Base.lproj/MainInterface.storyboard; sourceTree = "<group>"; };
		2CFF0C321E35F160004F9EF4 /* Info.plist */ = {isa = PBXFileReference; lastKnownFileType = text.plist.xml; path = Info.plist; sourceTree = "<group>"; };
		2CFF0C3E1E35FA1B004F9EF4 /* ko */ = {isa = PBXFileReference; lastKnownFileType = text.plist.strings; name = ko; path = ko.lproj/InfoPlist.strings; sourceTree = "<group>"; };
		2CFF0C471E3614CF004F9EF4 /* GoogleService-Info.plist */ = {isa = PBXFileReference; fileEncoding = 4; lastKnownFileType = text.plist.xml; path = "GoogleService-Info.plist"; sourceTree = "<group>"; };
		2CFF203C1DFC481C005774CA /* ja */ = {isa = PBXFileReference; lastKnownFileType = text.plist.strings; name = ja; path = ja.lproj/Main.strings; sourceTree = "<group>"; };
		2CFF203D1DFC482F005774CA /* zh-Hans */ = {isa = PBXFileReference; lastKnownFileType = text.plist.strings; name = "zh-Hans"; path = "zh-Hans.lproj/Main.strings"; sourceTree = "<group>"; };
		2CFF203E1DFC4869005774CA /* zh-Hant-TW */ = {isa = PBXFileReference; lastKnownFileType = text.plist.strings; name = "zh-Hant-TW"; path = "zh-Hant-TW.lproj/Main.strings"; sourceTree = "<group>"; };
		2CFF20411DFC4BB3005774CA /* ko */ = {isa = PBXFileReference; lastKnownFileType = text.plist.strings; name = ko; path = ko.lproj/Main.strings; sourceTree = "<group>"; };
		343EC210D3DB6E53165DFE1A /* Pods-talktransTests.debug.xcconfig */ = {isa = PBXFileReference; includeInIndex = 1; lastKnownFileType = text.xcconfig; name = "Pods-talktransTests.debug.xcconfig"; path = "Target Support Files/Pods-talktransTests/Pods-talktransTests.debug.xcconfig"; sourceTree = "<group>"; };
		41E6CD294DC95F9D1278E652 /* Pods-talktransUITests.release.xcconfig */ = {isa = PBXFileReference; includeInIndex = 1; lastKnownFileType = text.xcconfig; name = "Pods-talktransUITests.release.xcconfig"; path = "Target Support Files/Pods-talktransUITests/Pods-talktransUITests.release.xcconfig"; sourceTree = "<group>"; };
		48980C27ACFAA8C90FC0E9F6 /* Pods-talktrans-action.debug.xcconfig */ = {isa = PBXFileReference; includeInIndex = 1; lastKnownFileType = text.xcconfig; name = "Pods-talktrans-action.debug.xcconfig"; path = "Target Support Files/Pods-talktrans-action/Pods-talktrans-action.debug.xcconfig"; sourceTree = "<group>"; };
		5ABFCF0BD5E410124DBE7B3D /* Pods-talktrans-action.release.xcconfig */ = {isa = PBXFileReference; includeInIndex = 1; lastKnownFileType = text.xcconfig; name = "Pods-talktrans-action.release.xcconfig"; path = "Target Support Files/Pods-talktrans-action/Pods-talktrans-action.release.xcconfig"; sourceTree = "<group>"; };
		77D9ADD0757E214B897616DF /* Pods-talktransUITests.debug.xcconfig */ = {isa = PBXFileReference; includeInIndex = 1; lastKnownFileType = text.xcconfig; name = "Pods-talktransUITests.debug.xcconfig"; path = "Target Support Files/Pods-talktransUITests/Pods-talktransUITests.debug.xcconfig"; sourceTree = "<group>"; };
		8CE5313D2B45DD3372622BC3 /* Pods-talktrans.release.xcconfig */ = {isa = PBXFileReference; includeInIndex = 1; lastKnownFileType = text.xcconfig; name = "Pods-talktrans.release.xcconfig"; path = "Target Support Files/Pods-talktrans/Pods-talktrans.release.xcconfig"; sourceTree = "<group>"; };
		93AA14AD73C9A34A771E31CF /* Pods_talktrans_action.framework */ = {isa = PBXFileReference; explicitFileType = wrapper.framework; includeInIndex = 0; path = Pods_talktrans_action.framework; sourceTree = BUILT_PRODUCTS_DIR; };
		BE8DC9F6D096D853161CDCA5 /* Pods_talktrans.framework */ = {isa = PBXFileReference; explicitFileType = wrapper.framework; includeInIndex = 0; path = Pods_talktrans.framework; sourceTree = BUILT_PRODUCTS_DIR; };
		CD26230AD72D90AA378D60E3 /* Pods_talktransTests.framework */ = {isa = PBXFileReference; explicitFileType = wrapper.framework; includeInIndex = 0; path = Pods_talktransTests.framework; sourceTree = BUILT_PRODUCTS_DIR; };
		E4F264F856C43861B97A2634 /* Pods_talktransUITests.framework */ = {isa = PBXFileReference; explicitFileType = wrapper.framework; includeInIndex = 0; path = Pods_talktransUITests.framework; sourceTree = BUILT_PRODUCTS_DIR; };
		E6DC3E79C90D7B3864943004 /* Pods-talktrans.debug.xcconfig */ = {isa = PBXFileReference; includeInIndex = 1; lastKnownFileType = text.xcconfig; name = "Pods-talktrans.debug.xcconfig"; path = "Target Support Files/Pods-talktrans/Pods-talktrans.debug.xcconfig"; sourceTree = "<group>"; };
/* End PBXFileReference section */

/* Begin PBXFrameworksBuildPhase section */
		2C7662721DF1003500A2C38C /* Frameworks */ = {
			isa = PBXFrameworksBuildPhase;
			buildActionMask = 2147483647;
			files = (
				2E0B9A4818A1EBFA5D74C0D3 /* Pods_talktrans.framework in Frameworks */,
			);
			runOnlyForDeploymentPostprocessing = 0;
		};
		2C7662891DF1003500A2C38C /* Frameworks */ = {
			isa = PBXFrameworksBuildPhase;
			buildActionMask = 2147483647;
			files = (
				377893159078DDD1EE5DB1DB /* Pods_talktransTests.framework in Frameworks */,
			);
			runOnlyForDeploymentPostprocessing = 0;
		};
		2C7662941DF1003500A2C38C /* Frameworks */ = {
			isa = PBXFrameworksBuildPhase;
			buildActionMask = 2147483647;
			files = (
				8DFF1CB23F66884EF2ADE578 /* Pods_talktransUITests.framework in Frameworks */,
			);
			runOnlyForDeploymentPostprocessing = 0;
		};
/* End PBXFrameworksBuildPhase section */

/* Begin PBXGroup section */
		2C0F9D3120847A6300DFA455 /* Control */ = {
			isa = PBXGroup;
			children = (
				2C0F9D3220847AD900DFA455 /* LSLanguagePicker.swift */,
				2C0F9D35208484BC00DFA455 /* LSLanguagePickerCell.swift */,
				2C0F9D3920849AAC00DFA455 /* LSLanguagePickerButton.swift */,
			);
			path = Control;
			sourceTree = "<group>";
		};
		2C140A3B2082188D00BD6A76 /* Alamofire */ = {
			isa = PBXGroup;
			children = (
				2C140A3C208218B900BD6A76 /* DataRequest+.swift */,
			);
			path = Alamofire;
			sourceTree = "<group>";
		};
		2C1932781E9E5A990056262C /* data */ = {
			isa = PBXGroup;
			children = (
				2C155FA21F839F7E008AAD3F /* LSDefaults.swift */,
			);
			path = data;
			sourceTree = "<group>";
		};
		2C646FF31DF1348C0075DC04 /* extensions */ = {
			isa = PBXGroup;
			children = (
				2C0F9D3120847A6300DFA455 /* Control */,
				2C140A3B2082188D00BD6A76 /* Alamofire */,
				2C58365C1DFD0840004B28FF /* GADBannerView+.swift */,
				2C155FA41F83A66E008AAD3F /* UIApplication+KakaoLink.swift */,
				2C1932741E9E595E0056262C /* GADInterstitial+.swift */,
				2C5C441626CA0A8D00C71FFF /* GADRewardedAd+.swift */,
				2C1425D71F7A564300BDF794 /* GADRewardManager.swift */,
				2C1425D81F7A564300BDF794 /* ReviewManager.swift */,
				2CE3070825DA3E020066D8C1 /* AVAudioSession+.swift */,
			);
			path = extensions;
			sourceTree = "<group>";
		};
		2C76626C1DF1003500A2C38C = {
			isa = PBXGroup;
			children = (
				2C646FF31DF1348C0075DC04 /* extensions */,
				2C7662771DF1003500A2C38C /* talktrans */,
				2C76628F1DF1003500A2C38C /* talktransTests */,
				2C76629A1DF1003500A2C38C /* talktransUITests */,
				2CFF0C191E35E3AC004F9EF4 /* share */,
				2CFF0C2C1E35F160004F9EF4 /* action */,
				2C7662761DF1003500A2C38C /* Products */,
				CB91AD0BC6B90CC085ABFEA5 /* Pods */,
				BCAB57279EB975D719DEE990 /* Frameworks */,
			);
			sourceTree = "<group>";
		};
		2C7662761DF1003500A2C38C /* Products */ = {
			isa = PBXGroup;
			children = (
				2C7662751DF1003500A2C38C /* talktrans.app */,
				2C76628C1DF1003500A2C38C /* talktransTests.xctest */,
				2C7662971DF1003500A2C38C /* talktransUITests.xctest */,
			);
			name = Products;
			sourceTree = "<group>";
		};
		2C7662771DF1003500A2C38C /* talktrans */ = {
			isa = PBXGroup;
			children = (
				2C1932781E9E5A990056262C /* data */,
				2CFB6D6D1E25183400AA2285 /* image */,
				2C7662781DF1003500A2C38C /* AppDelegate.swift */,
				2C76627A1DF1003500A2C38C /* MainViewController.swift */,
				2C76627C1DF1003500A2C38C /* Main.storyboard */,
				2C7662821DF1003500A2C38C /* Assets.xcassets */,
				2C7662841DF1003500A2C38C /* LaunchScreen.storyboard */,
				2C76627F1DF1003500A2C38C /* talktrans.xcdatamodeld */,
				2C72897A1E011318000553F6 /* Info.plist */,
				2C5A6CE9228F978B00F80205 /* GoogleService-Info.plist */,
				2C1272332085BF06009AF35B /* NaverPapago.plist */,
				2C5836641DFD1949004B28FF /* Localizable.strings */,
				2C7289801E011361000553F6 /* InfoPlist.strings */,
				2C0065271E37577C00E404F7 /* Settings.bundle */,
			);
			path = talktrans;
			sourceTree = "<group>";
		};
		2C76628F1DF1003500A2C38C /* talktransTests */ = {
			isa = PBXGroup;
			children = (
				2C7662901DF1003500A2C38C /* talktransTests.swift */,
				2C7662921DF1003500A2C38C /* Info.plist */,
			);
			path = talktransTests;
			sourceTree = "<group>";
		};
		2C76629A1DF1003500A2C38C /* talktransUITests */ = {
			isa = PBXGroup;
			children = (
				2C76629B1DF1003500A2C38C /* talktransUITests.swift */,
				2C76629D1DF1003500A2C38C /* Info.plist */,
			);
			path = talktransUITests;
			sourceTree = "<group>";
		};
		2CFB6D6D1E25183400AA2285 /* image */ = {
			isa = PBXGroup;
			children = (
				2C13A14A20FB688100E6C0E6 /* langs */,
				2CFB6D6E1E25185D00AA2285 /* icon */,
				2CD074561E9FAE7A0032CFCD /* Y2K.PNG */,
				2C4445421E25C4FF005C9EE4 /* credif.png */,
				2C4445441E25C518005C9EE4 /* icons8.png */,
			);
			path = image;
			sourceTree = "<group>";
		};
		2CFB6D6E1E25185D00AA2285 /* icon */ = {
			isa = PBXGroup;
			children = (
				2C4445481E25E8E0005C9EE4 /* pin_on.png */,
				2C4445461E25E8D0005C9EE4 /* pin_off.png */,
				2CFB6D771E251A5700AA2285 /* rotate_right.png */,
				2CFB6D751E251A2900AA2285 /* rotate_left.png */,
				2CFB6D731E2519BB00AA2285 /* swap.png */,
				2CFB6D6F1E25189D00AA2285 /* review_white_line@x1.5.png */,
				2CF31DF61E640DDB00992A7A /* action_white@x1.5.png */,
				2CF31DF81E64219F00992A7A /* fix_on_white@x32.png */,
				2CF31DFA1E6421CF00992A7A /* fix_off_white@x32.png */,
				2CF31DFC1E64226B00992A7A /* fix_on_white@x25.png */,
				2CF31DFE1E64228700992A7A /* fix_off_white@x25.png */,
			);
			path = icon;
			sourceTree = "<group>";
		};
		2CFF0C191E35E3AC004F9EF4 /* share */ = {
			isa = PBXGroup;
			children = (
				2CFF0C1A1E35E3AC004F9EF4 /* ShareViewController.swift */,
				2CFF0C1C1E35E3AC004F9EF4 /* MainInterface.storyboard */,
				2CFF0C1F1E35E3AC004F9EF4 /* Info.plist */,
			);
			path = share;
			sourceTree = "<group>";
		};
		2CFF0C2C1E35F160004F9EF4 /* action */ = {
			isa = PBXGroup;
			children = (
				2CFF0C471E3614CF004F9EF4 /* GoogleService-Info.plist */,
				2CFF0C2D1E35F160004F9EF4 /* ActionViewController.swift */,
				2CFF0C2F1E35F160004F9EF4 /* MainInterface.storyboard */,
				2CFF0C321E35F160004F9EF4 /* Info.plist */,
				2CFF0C3F1E35FA1B004F9EF4 /* InfoPlist.strings */,
				2CFEDF931E36FA07009470A4 /* Localizable.strings */,
			);
			path = action;
			sourceTree = "<group>";
		};
		BCAB57279EB975D719DEE990 /* Frameworks */ = {
			isa = PBXGroup;
			children = (
				BE8DC9F6D096D853161CDCA5 /* Pods_talktrans.framework */,
				93AA14AD73C9A34A771E31CF /* Pods_talktrans_action.framework */,
				CD26230AD72D90AA378D60E3 /* Pods_talktransTests.framework */,
				E4F264F856C43861B97A2634 /* Pods_talktransUITests.framework */,
			);
			name = Frameworks;
			sourceTree = "<group>";
		};
		CB91AD0BC6B90CC085ABFEA5 /* Pods */ = {
			isa = PBXGroup;
			children = (
				E6DC3E79C90D7B3864943004 /* Pods-talktrans.debug.xcconfig */,
				8CE5313D2B45DD3372622BC3 /* Pods-talktrans.release.xcconfig */,
				48980C27ACFAA8C90FC0E9F6 /* Pods-talktrans-action.debug.xcconfig */,
				5ABFCF0BD5E410124DBE7B3D /* Pods-talktrans-action.release.xcconfig */,
				343EC210D3DB6E53165DFE1A /* Pods-talktransTests.debug.xcconfig */,
				15A5DF8C20BE64F79C5108B9 /* Pods-talktransTests.release.xcconfig */,
				77D9ADD0757E214B897616DF /* Pods-talktransUITests.debug.xcconfig */,
				41E6CD294DC95F9D1278E652 /* Pods-talktransUITests.release.xcconfig */,
			);
			path = Pods;
			sourceTree = "<group>";
		};
/* End PBXGroup section */

/* Begin PBXNativeTarget section */
		2C7662741DF1003500A2C38C /* talktrans */ = {
			isa = PBXNativeTarget;
			buildConfigurationList = 2C7662A01DF1003500A2C38C /* Build configuration list for PBXNativeTarget "talktrans" */;
			buildPhases = (
				B9748ED46DF4BF659796FC83 /* [CP] Check Pods Manifest.lock */,
				2C7662711DF1003500A2C38C /* Sources */,
				2C7662721DF1003500A2C38C /* Frameworks */,
				2C7662731DF1003500A2C38C /* Resources */,
				2CFF0C261E35E3AC004F9EF4 /* Embed App Extensions */,
				234EA7F4E32623EABAB62E69 /* [CP] Embed Pods Frameworks */,
				2C14D34C231946F100F01B6C /* ShellScript */,
				2C5A6CF8228FB1E500F80205 /* ShellScript */,
			);
			buildRules = (
			);
			dependencies = (
			);
			name = talktrans;
			productName = talktrans;
			productReference = 2C7662751DF1003500A2C38C /* talktrans.app */;
			productType = "com.apple.product-type.application";
		};
		2C76628B1DF1003500A2C38C /* talktransTests */ = {
			isa = PBXNativeTarget;
			buildConfigurationList = 2C7662A31DF1003500A2C38C /* Build configuration list for PBXNativeTarget "talktransTests" */;
			buildPhases = (
				4E3DF43E26421672ABB70D46 /* [CP] Check Pods Manifest.lock */,
				2C7662881DF1003500A2C38C /* Sources */,
				2C7662891DF1003500A2C38C /* Frameworks */,
				2C76628A1DF1003500A2C38C /* Resources */,
			);
			buildRules = (
			);
			dependencies = (
				2C76628E1DF1003500A2C38C /* PBXTargetDependency */,
			);
			name = talktransTests;
			productName = talktransTests;
			productReference = 2C76628C1DF1003500A2C38C /* talktransTests.xctest */;
			productType = "com.apple.product-type.bundle.unit-test";
		};
		2C7662961DF1003500A2C38C /* talktransUITests */ = {
			isa = PBXNativeTarget;
			buildConfigurationList = 2C7662A61DF1003500A2C38C /* Build configuration list for PBXNativeTarget "talktransUITests" */;
			buildPhases = (
				9404D10508D0E3F889E9FABC /* [CP] Check Pods Manifest.lock */,
				2C7662931DF1003500A2C38C /* Sources */,
				2C7662941DF1003500A2C38C /* Frameworks */,
				2C7662951DF1003500A2C38C /* Resources */,
			);
			buildRules = (
			);
			dependencies = (
				2C7662991DF1003500A2C38C /* PBXTargetDependency */,
			);
			name = talktransUITests;
			productName = talktransUITests;
			productReference = 2C7662971DF1003500A2C38C /* talktransUITests.xctest */;
			productType = "com.apple.product-type.bundle.ui-testing";
		};
/* End PBXNativeTarget section */

/* Begin PBXProject section */
		2C76626D1DF1003500A2C38C /* Project object */ = {
			isa = PBXProject;
			attributes = {
				LastSwiftUpdateCheck = 0820;
				LastUpgradeCheck = 0930;
				ORGANIZATIONNAME = leesam;
				TargetAttributes = {
					2C7662741DF1003500A2C38C = {
						CreatedOnToolsVersion = 8.1;
						DevelopmentTeam = M29A6H95KD;
						LastSwiftMigration = 0910;
						ProvisioningStyle = Automatic;
					};
					2C76628B1DF1003500A2C38C = {
						CreatedOnToolsVersion = 8.1;
						DevelopmentTeam = Q5YYY27YSF;
						LastSwiftMigration = 0910;
						ProvisioningStyle = Automatic;
						TestTargetID = 2C7662741DF1003500A2C38C;
					};
					2C7662961DF1003500A2C38C = {
						CreatedOnToolsVersion = 8.1;
						DevelopmentTeam = Q5YYY27YSF;
						LastSwiftMigration = 0910;
						ProvisioningStyle = Automatic;
						TestTargetID = 2C7662741DF1003500A2C38C;
					};
				};
			};
			buildConfigurationList = 2C7662701DF1003500A2C38C /* Build configuration list for PBXProject "talktrans" */;
			compatibilityVersion = "Xcode 9.3";
			developmentRegion = English;
			hasScannedForEncodings = 0;
			knownRegions = (
				English,
				en,
				Base,
				ko,
				ja,
				"zh-Hans",
				"zh-Hant-TW",
				es,
				vi,
				th,
				id,
				fr,
				de,
				ru,
				it,
			);
			mainGroup = 2C76626C1DF1003500A2C38C;
			productRefGroup = 2C7662761DF1003500A2C38C /* Products */;
			projectDirPath = "";
			projectRoot = "";
			targets = (
				2C7662741DF1003500A2C38C /* talktrans */,
				2C76628B1DF1003500A2C38C /* talktransTests */,
				2C7662961DF1003500A2C38C /* talktransUITests */,
			);
		};
/* End PBXProject section */

/* Begin PBXResourcesBuildPhase section */
		2C7662731DF1003500A2C38C /* Resources */ = {
			isa = PBXResourcesBuildPhase;
			buildActionMask = 2147483647;
			files = (
				2C4445451E25C518005C9EE4 /* icons8.png in Resources */,
				2CF31DF71E640DDB00992A7A /* action_white@x1.5.png in Resources */,
				2C13A14B20FB688200E6C0E6 /* langs in Resources */,
				2CF31DFB1E6421CF00992A7A /* fix_off_white@x32.png in Resources */,
				2C5836621DFD1949004B28FF /* Localizable.strings in Resources */,
				2C72897E1E011361000553F6 /* InfoPlist.strings in Resources */,
				2CFB6D701E25189D00AA2285 /* review_white_line@x1.5.png in Resources */,
				2CF31DF91E64219F00992A7A /* fix_on_white@x32.png in Resources */,
				2C4445471E25E8D0005C9EE4 /* pin_off.png in Resources */,
				2C1272352085C4C1009AF35B /* NaverPapago.plist in Resources */,
				2CF31DFF1E64228700992A7A /* fix_off_white@x25.png in Resources */,
				2C4445491E25E8E0005C9EE4 /* pin_on.png in Resources */,
				2CF31DFD1E64226B00992A7A /* fix_on_white@x25.png in Resources */,
				2C059CE01E00CFF00089DD84 /* Main.storyboard in Resources */,
				2C0065281E37577D00E404F7 /* Settings.bundle in Resources */,
				2CFB6D741E2519BB00AA2285 /* swap.png in Resources */,
				2C7662861DF1003500A2C38C /* LaunchScreen.storyboard in Resources */,
				2C7662831DF1003500A2C38C /* Assets.xcassets in Resources */,
				2CD074571E9FAE7A0032CFCD /* Y2K.PNG in Resources */,
				2C5A6CEA228F978B00F80205 /* GoogleService-Info.plist in Resources */,
				2CFB6D761E251A2900AA2285 /* rotate_left.png in Resources */,
				2C4445431E25C4FF005C9EE4 /* credif.png in Resources */,
				2CFB6D781E251A5700AA2285 /* rotate_right.png in Resources */,
			);
			runOnlyForDeploymentPostprocessing = 0;
		};
		2C76628A1DF1003500A2C38C /* Resources */ = {
			isa = PBXResourcesBuildPhase;
			buildActionMask = 2147483647;
			files = (
			);
			runOnlyForDeploymentPostprocessing = 0;
		};
		2C7662951DF1003500A2C38C /* Resources */ = {
			isa = PBXResourcesBuildPhase;
			buildActionMask = 2147483647;
			files = (
			);
			runOnlyForDeploymentPostprocessing = 0;
		};
/* End PBXResourcesBuildPhase section */

/* Begin PBXShellScriptBuildPhase section */
		234EA7F4E32623EABAB62E69 /* [CP] Embed Pods Frameworks */ = {
			isa = PBXShellScriptBuildPhase;
			buildActionMask = 2147483647;
			files = (
			);
			inputFileListPaths = (
				"${PODS_ROOT}/Target Support Files/Pods-talktrans/Pods-talktrans-frameworks-${CONFIGURATION}-input-files.xcfilelist",
			);
			name = "[CP] Embed Pods Frameworks";
			outputFileListPaths = (
				"${PODS_ROOT}/Target Support Files/Pods-talktrans/Pods-talktrans-frameworks-${CONFIGURATION}-output-files.xcfilelist",
			);
			runOnlyForDeploymentPostprocessing = 0;
			shellPath = /bin/sh;
			shellScript = "\"${PODS_ROOT}/Target Support Files/Pods-talktrans/Pods-talktrans-frameworks.sh\"\n";
			showEnvVarsInLog = 0;
		};
		2C14D34C231946F100F01B6C /* ShellScript */ = {
			isa = PBXShellScriptBuildPhase;
			buildActionMask = 2147483647;
			files = (
			);
			inputFileListPaths = (
			);
			inputPaths = (
			);
			outputFileListPaths = (
			);
			outputPaths = (
			);
			runOnlyForDeploymentPostprocessing = 0;
			shellPath = /bin/sh;
			shellScript = "buildNumber=$(/usr/libexec/PlistBuddy -c \"Print CFBundleVersion\" \"$PRODUCT_SETTINGS_PATH\")\necho \"/usr/libexec/PlistBuddy -c 'Print CFBundleVersion $PRODUCT_SETTINGS_PATH'\"\nif [ -z \"$buildNumber\" ] || [ \"$buildNumber\" = \"\\$(CURRENT_PROJECT_VERSION)\" ]\nthen\n        echo \"${PRODUCT_NAME} buildNumber is [empty]\"\n        buildNumber=1\nelse\n        echo \"${PRODUCT_NAME} buildnumber is $buildNumber\"\n        buildNumber=$((buildNumber + 1))\nfi\n\necho \"\\n${PRODUCT_NAME} new buildnumber = $buildNumber\"\n/usr/libexec/PlistBuddy -c \"Set :CFBundleVersion $buildNumber\" \"$PRODUCT_SETTINGS_PATH\"\n";
		};
		2C5A6CF8228FB1E500F80205 /* ShellScript */ = {
			isa = PBXShellScriptBuildPhase;
			buildActionMask = 2147483647;
			files = (
			);
			inputFileListPaths = (
			);
			inputPaths = (
				"$(BUILT_PRODUCTS_DIR)/$(INFOPLIST_PATH)",
			);
			outputFileListPaths = (
			);
			outputPaths = (
			);
			runOnlyForDeploymentPostprocessing = 0;
			shellPath = /bin/sh;
			shellScript = "${PODS_ROOT}/FirebaseCrashlytics/run -gsp \"${PROJECT_DIR}/${PROJECT}/GoogleService-Info.plist\"\n";
		};
		4E3DF43E26421672ABB70D46 /* [CP] Check Pods Manifest.lock */ = {
			isa = PBXShellScriptBuildPhase;
			buildActionMask = 2147483647;
			files = (
			);
			inputFileListPaths = (
			);
			inputPaths = (
				"${PODS_PODFILE_DIR_PATH}/Podfile.lock",
				"${PODS_ROOT}/Manifest.lock",
			);
			name = "[CP] Check Pods Manifest.lock";
			outputFileListPaths = (
			);
			outputPaths = (
				"$(DERIVED_FILE_DIR)/Pods-talktransTests-checkManifestLockResult.txt",
			);
			runOnlyForDeploymentPostprocessing = 0;
			shellPath = /bin/sh;
			shellScript = "diff \"${PODS_PODFILE_DIR_PATH}/Podfile.lock\" \"${PODS_ROOT}/Manifest.lock\" > /dev/null\nif [ $? != 0 ] ; then\n    # print error to STDERR\n    echo \"error: The sandbox is not in sync with the Podfile.lock. Run 'pod install' or update your CocoaPods installation.\" >&2\n    exit 1\nfi\n# This output is used by Xcode 'outputs' to avoid re-running this script phase.\necho \"SUCCESS\" > \"${SCRIPT_OUTPUT_FILE_0}\"\n";
			showEnvVarsInLog = 0;
		};
		9404D10508D0E3F889E9FABC /* [CP] Check Pods Manifest.lock */ = {
			isa = PBXShellScriptBuildPhase;
			buildActionMask = 2147483647;
			files = (
			);
			inputFileListPaths = (
			);
			inputPaths = (
				"${PODS_PODFILE_DIR_PATH}/Podfile.lock",
				"${PODS_ROOT}/Manifest.lock",
			);
			name = "[CP] Check Pods Manifest.lock";
			outputFileListPaths = (
			);
			outputPaths = (
				"$(DERIVED_FILE_DIR)/Pods-talktransUITests-checkManifestLockResult.txt",
			);
			runOnlyForDeploymentPostprocessing = 0;
			shellPath = /bin/sh;
			shellScript = "diff \"${PODS_PODFILE_DIR_PATH}/Podfile.lock\" \"${PODS_ROOT}/Manifest.lock\" > /dev/null\nif [ $? != 0 ] ; then\n    # print error to STDERR\n    echo \"error: The sandbox is not in sync with the Podfile.lock. Run 'pod install' or update your CocoaPods installation.\" >&2\n    exit 1\nfi\n# This output is used by Xcode 'outputs' to avoid re-running this script phase.\necho \"SUCCESS\" > \"${SCRIPT_OUTPUT_FILE_0}\"\n";
			showEnvVarsInLog = 0;
		};
		B9748ED46DF4BF659796FC83 /* [CP] Check Pods Manifest.lock */ = {
			isa = PBXShellScriptBuildPhase;
			buildActionMask = 2147483647;
			files = (
			);
			inputFileListPaths = (
			);
			inputPaths = (
				"${PODS_PODFILE_DIR_PATH}/Podfile.lock",
				"${PODS_ROOT}/Manifest.lock",
			);
			name = "[CP] Check Pods Manifest.lock";
			outputFileListPaths = (
			);
			outputPaths = (
				"$(DERIVED_FILE_DIR)/Pods-talktrans-checkManifestLockResult.txt",
			);
			runOnlyForDeploymentPostprocessing = 0;
			shellPath = /bin/sh;
			shellScript = "diff \"${PODS_PODFILE_DIR_PATH}/Podfile.lock\" \"${PODS_ROOT}/Manifest.lock\" > /dev/null\nif [ $? != 0 ] ; then\n    # print error to STDERR\n    echo \"error: The sandbox is not in sync with the Podfile.lock. Run 'pod install' or update your CocoaPods installation.\" >&2\n    exit 1\nfi\n# This output is used by Xcode 'outputs' to avoid re-running this script phase.\necho \"SUCCESS\" > \"${SCRIPT_OUTPUT_FILE_0}\"\n";
			showEnvVarsInLog = 0;
		};
/* End PBXShellScriptBuildPhase section */

/* Begin PBXSourcesBuildPhase section */
		2C7662711DF1003500A2C38C /* Sources */ = {
			isa = PBXSourcesBuildPhase;
			buildActionMask = 2147483647;
			files = (
				2C0F9D3A20849AAC00DFA455 /* LSLanguagePickerButton.swift in Sources */,
				2C58365D1DFD0840004B28FF /* GADBannerView+.swift in Sources */,
				2CE3070925DA3E020066D8C1 /* AVAudioSession+.swift in Sources */,
				2C0F9D3320847AD900DFA455 /* LSLanguagePicker.swift in Sources */,
				2C7662811DF1003500A2C38C /* talktrans.xcdatamodeld in Sources */,
				2C0F9D36208484BC00DFA455 /* LSLanguagePickerCell.swift in Sources */,
				2C155FA31F839F7E008AAD3F /* LSDefaults.swift in Sources */,
				2C155FA51F83A66E008AAD3F /* UIApplication+KakaoLink.swift in Sources */,
				2C1932751E9E595E0056262C /* GADInterstitial+.swift in Sources */,
				2C5C441726CA0A8D00C71FFF /* GADRewardedAd+.swift in Sources */,
				2C76627B1DF1003500A2C38C /* MainViewController.swift in Sources */,
				2C1425DB1F7A564300BDF794 /* ReviewManager.swift in Sources */,
				2C1425DA1F7A564300BDF794 /* GADRewardManager.swift in Sources */,
				2C7662791DF1003500A2C38C /* AppDelegate.swift in Sources */,
			);
			runOnlyForDeploymentPostprocessing = 0;
		};
		2C7662881DF1003500A2C38C /* Sources */ = {
			isa = PBXSourcesBuildPhase;
			buildActionMask = 2147483647;
			files = (
				2C7662911DF1003500A2C38C /* talktransTests.swift in Sources */,
			);
			runOnlyForDeploymentPostprocessing = 0;
		};
		2C7662931DF1003500A2C38C /* Sources */ = {
			isa = PBXSourcesBuildPhase;
			buildActionMask = 2147483647;
			files = (
				2C76629C1DF1003500A2C38C /* talktransUITests.swift in Sources */,
			);
			runOnlyForDeploymentPostprocessing = 0;
		};
/* End PBXSourcesBuildPhase section */

/* Begin PBXTargetDependency section */
		2C76628E1DF1003500A2C38C /* PBXTargetDependency */ = {
			isa = PBXTargetDependency;
			target = 2C7662741DF1003500A2C38C /* talktrans */;
			targetProxy = 2C76628D1DF1003500A2C38C /* PBXContainerItemProxy */;
		};
		2C7662991DF1003500A2C38C /* PBXTargetDependency */ = {
			isa = PBXTargetDependency;
			target = 2C7662741DF1003500A2C38C /* talktrans */;
			targetProxy = 2C7662981DF1003500A2C38C /* PBXContainerItemProxy */;
		};
/* End PBXTargetDependency section */

/* Begin PBXVariantGroup section */
		2C5836641DFD1949004B28FF /* Localizable.strings */ = {
			isa = PBXVariantGroup;
			children = (
				2C5836631DFD1949004B28FF /* Base */,
				2C5836651DFD194E004B28FF /* ko */,
				2CD5BA541DFD975C00AA0E16 /* ja */,
				2C0264411DFF856300BB9F7D /* zh-Hans */,
				2C0264421DFF873A00BB9F7D /* zh-Hant-TW */,
				2C140A4920823C0C00BD6A76 /* es */,
				2C140A5320823EC900BD6A76 /* vi */,
				2C140A5820823EE600BD6A76 /* th */,
				2C140A5D20823EFC00BD6A76 /* id */,
				2C140A622082401000BD6A76 /* fr */,
				2C12F9312312410B00B4870B /* de */,
				2C12F9362312414800B4870B /* ru */,
				2C12F93B2312415F00B4870B /* it */,
			);
			name = Localizable.strings;
			sourceTree = "<group>";
		};
		2C7289801E011361000553F6 /* InfoPlist.strings */ = {
			isa = PBXVariantGroup;
			children = (
				2C72897F1E011361000553F6 /* ko */,
			);
			name = InfoPlist.strings;
			sourceTree = "<group>";
		};
		2C76627C1DF1003500A2C38C /* Main.storyboard */ = {
			isa = PBXVariantGroup;
			children = (
				2C76627D1DF1003500A2C38C /* Base */,
				2CFF203C1DFC481C005774CA /* ja */,
				2CFF203D1DFC482F005774CA /* zh-Hans */,
				2CFF203E1DFC4869005774CA /* zh-Hant-TW */,
				2CFF20411DFC4BB3005774CA /* ko */,
				2C140A4B20823C0D00BD6A76 /* es */,
				2C140A5020823EC900BD6A76 /* vi */,
				2C140A5520823EE600BD6A76 /* th */,
				2C140A5A20823EFC00BD6A76 /* id */,
				2C140A5F2082401000BD6A76 /* fr */,
				2C12F92E2312410A00B4870B /* de */,
				2C12F9332312414800B4870B /* ru */,
				2C12F9382312415F00B4870B /* it */,
			);
			name = Main.storyboard;
			sourceTree = "<group>";
		};
		2C7662841DF1003500A2C38C /* LaunchScreen.storyboard */ = {
			isa = PBXVariantGroup;
			children = (
				2C7662851DF1003500A2C38C /* Base */,
			);
			name = LaunchScreen.storyboard;
			sourceTree = "<group>";
		};
		2CFEDF931E36FA07009470A4 /* Localizable.strings */ = {
			isa = PBXVariantGroup;
			children = (
				2CFEDF921E36FA07009470A4 /* Base */,
				2CFEDF951E36FA1B009470A4 /* ja */,
				2CFEDF961E36FA1D009470A4 /* zh-Hans */,
				2CFEDF971E36FA1F009470A4 /* zh-Hant-TW */,
				2CFEDF981E36FA35009470A4 /* ko */,
				2C140A4F20823C0D00BD6A76 /* es */,
				2C140A5420823EC900BD6A76 /* vi */,
				2C140A5920823EE600BD6A76 /* th */,
				2C140A5E20823EFC00BD6A76 /* id */,
				2C140A632082401000BD6A76 /* fr */,
				2C12F9322312410B00B4870B /* de */,
				2C12F9372312414800B4870B /* ru */,
				2C12F93C2312416000B4870B /* it */,
			);
			name = Localizable.strings;
			sourceTree = "<group>";
		};
		2CFF0C1C1E35E3AC004F9EF4 /* MainInterface.storyboard */ = {
			isa = PBXVariantGroup;
			children = (
				2CFF0C1D1E35E3AC004F9EF4 /* Base */,
				2C140A4C20823C0D00BD6A76 /* es */,
				2C140A5120823EC900BD6A76 /* vi */,
				2C140A5620823EE600BD6A76 /* th */,
				2C140A5B20823EFC00BD6A76 /* id */,
				2C140A602082401000BD6A76 /* fr */,
				2C12F92F2312410A00B4870B /* de */,
				2C12F9342312414800B4870B /* ru */,
				2C12F9392312415F00B4870B /* it */,
			);
			name = MainInterface.storyboard;
			sourceTree = "<group>";
		};
		2CFF0C2F1E35F160004F9EF4 /* MainInterface.storyboard */ = {
			isa = PBXVariantGroup;
			children = (
				2CFF0C301E35F160004F9EF4 /* Base */,
				2CFEDF9A1E36FEC3009470A4 /* ko */,
				2CFEDF9C1E36FED0009470A4 /* ja */,
				2CFEDF9E1E36FED3009470A4 /* zh-Hans */,
				2CFEDFA01E36FED6009470A4 /* zh-Hant-TW */,
				2C140A4D20823C0D00BD6A76 /* es */,
				2C140A5220823EC900BD6A76 /* vi */,
				2C140A5720823EE600BD6A76 /* th */,
				2C140A5C20823EFC00BD6A76 /* id */,
				2C140A612082401000BD6A76 /* fr */,
				2C12F9302312410B00B4870B /* de */,
				2C12F9352312414800B4870B /* ru */,
				2C12F93A2312415F00B4870B /* it */,
			);
			name = MainInterface.storyboard;
			sourceTree = "<group>";
		};
		2CFF0C3F1E35FA1B004F9EF4 /* InfoPlist.strings */ = {
			isa = PBXVariantGroup;
			children = (
				2CFF0C3E1E35FA1B004F9EF4 /* ko */,
			);
			name = InfoPlist.strings;
			sourceTree = "<group>";
		};
/* End PBXVariantGroup section */

/* Begin XCBuildConfiguration section */
		2C76629E1DF1003500A2C38C /* Debug */ = {
			isa = XCBuildConfiguration;
			buildSettings = {
				ALWAYS_SEARCH_USER_PATHS = NO;
				CLANG_ANALYZER_LOCALIZABILITY_NONLOCALIZED = YES;
				CLANG_ANALYZER_NONNULL = YES;
				CLANG_CXX_LANGUAGE_STANDARD = "gnu++14";
				CLANG_CXX_LIBRARY = "libc++";
				CLANG_ENABLE_MODULES = YES;
				CLANG_ENABLE_OBJC_ARC = YES;
				CLANG_WARN_BLOCK_CAPTURE_AUTORELEASING = YES;
				CLANG_WARN_BOOL_CONVERSION = YES;
				CLANG_WARN_COMMA = YES;
				CLANG_WARN_CONSTANT_CONVERSION = YES;
				CLANG_WARN_DEPRECATED_OBJC_IMPLEMENTATIONS = YES;
				CLANG_WARN_DIRECT_OBJC_ISA_USAGE = YES_ERROR;
				CLANG_WARN_DOCUMENTATION_COMMENTS = YES;
				CLANG_WARN_EMPTY_BODY = YES;
				CLANG_WARN_ENUM_CONVERSION = YES;
				CLANG_WARN_INFINITE_RECURSION = YES;
				CLANG_WARN_INT_CONVERSION = YES;
				CLANG_WARN_NON_LITERAL_NULL_CONVERSION = YES;
				CLANG_WARN_OBJC_IMPLICIT_RETAIN_SELF = YES;
				CLANG_WARN_OBJC_LITERAL_CONVERSION = YES;
				CLANG_WARN_OBJC_ROOT_CLASS = YES_ERROR;
				CLANG_WARN_RANGE_LOOP_ANALYSIS = YES;
				CLANG_WARN_STRICT_PROTOTYPES = YES;
				CLANG_WARN_SUSPICIOUS_MOVE = YES;
				CLANG_WARN_UNGUARDED_AVAILABILITY = YES_AGGRESSIVE;
				CLANG_WARN_UNREACHABLE_CODE = YES;
				CLANG_WARN__DUPLICATE_METHOD_MATCH = YES;
				CODE_SIGN_IDENTITY = "iPhone Developer";
				"CODE_SIGN_IDENTITY[sdk=iphoneos*]" = "iPhone Developer";
				COPY_PHASE_STRIP = NO;
				DEBUG_INFORMATION_FORMAT = dwarf;
				ENABLE_STRICT_OBJC_MSGSEND = YES;
				ENABLE_TESTABILITY = YES;
				GCC_C_LANGUAGE_STANDARD = gnu11;
				GCC_DYNAMIC_NO_PIC = NO;
				GCC_NO_COMMON_BLOCKS = YES;
				GCC_OPTIMIZATION_LEVEL = 0;
				GCC_PREPROCESSOR_DEFINITIONS = (
					"DEBUG=1",
					"$(inherited)",
				);
				GCC_WARN_64_TO_32_BIT_CONVERSION = YES;
				GCC_WARN_ABOUT_RETURN_TYPE = YES_ERROR;
				GCC_WARN_UNDECLARED_SELECTOR = YES;
				GCC_WARN_UNINITIALIZED_AUTOS = YES_AGGRESSIVE;
				GCC_WARN_UNUSED_FUNCTION = YES;
				GCC_WARN_UNUSED_VARIABLE = YES;
				IPHONEOS_DEPLOYMENT_TARGET = 10.1;
				MTL_ENABLE_DEBUG_INFO = INCLUDE_SOURCE;
				ONLY_ACTIVE_ARCH = YES;
				SDKROOT = iphoneos;
				SWIFT_ACTIVE_COMPILATION_CONDITIONS = DEBUG;
				SWIFT_OPTIMIZATION_LEVEL = "-Onone";
			};
			name = Debug;
		};
		2C76629F1DF1003500A2C38C /* Release */ = {
			isa = XCBuildConfiguration;
			buildSettings = {
				ALWAYS_SEARCH_USER_PATHS = NO;
				CLANG_ANALYZER_LOCALIZABILITY_NONLOCALIZED = YES;
				CLANG_ANALYZER_NONNULL = YES;
				CLANG_CXX_LANGUAGE_STANDARD = "gnu++14";
				CLANG_CXX_LIBRARY = "libc++";
				CLANG_ENABLE_MODULES = YES;
				CLANG_ENABLE_OBJC_ARC = YES;
				CLANG_WARN_BLOCK_CAPTURE_AUTORELEASING = YES;
				CLANG_WARN_BOOL_CONVERSION = YES;
				CLANG_WARN_COMMA = YES;
				CLANG_WARN_CONSTANT_CONVERSION = YES;
				CLANG_WARN_DEPRECATED_OBJC_IMPLEMENTATIONS = YES;
				CLANG_WARN_DIRECT_OBJC_ISA_USAGE = YES_ERROR;
				CLANG_WARN_DOCUMENTATION_COMMENTS = YES;
				CLANG_WARN_EMPTY_BODY = YES;
				CLANG_WARN_ENUM_CONVERSION = YES;
				CLANG_WARN_INFINITE_RECURSION = YES;
				CLANG_WARN_INT_CONVERSION = YES;
				CLANG_WARN_NON_LITERAL_NULL_CONVERSION = YES;
				CLANG_WARN_OBJC_IMPLICIT_RETAIN_SELF = YES;
				CLANG_WARN_OBJC_LITERAL_CONVERSION = YES;
				CLANG_WARN_OBJC_ROOT_CLASS = YES_ERROR;
				CLANG_WARN_RANGE_LOOP_ANALYSIS = YES;
				CLANG_WARN_STRICT_PROTOTYPES = YES;
				CLANG_WARN_SUSPICIOUS_MOVE = YES;
				CLANG_WARN_UNGUARDED_AVAILABILITY = YES_AGGRESSIVE;
				CLANG_WARN_UNREACHABLE_CODE = YES;
				CLANG_WARN__DUPLICATE_METHOD_MATCH = YES;
				CODE_SIGN_IDENTITY = "iPhone Developer";
				"CODE_SIGN_IDENTITY[sdk=iphoneos*]" = "iPhone Developer";
				COPY_PHASE_STRIP = NO;
				DEBUG_INFORMATION_FORMAT = "dwarf-with-dsym";
				ENABLE_NS_ASSERTIONS = NO;
				ENABLE_STRICT_OBJC_MSGSEND = YES;
				GCC_C_LANGUAGE_STANDARD = gnu11;
				GCC_NO_COMMON_BLOCKS = YES;
				GCC_WARN_64_TO_32_BIT_CONVERSION = YES;
				GCC_WARN_ABOUT_RETURN_TYPE = YES_ERROR;
				GCC_WARN_UNDECLARED_SELECTOR = YES;
				GCC_WARN_UNINITIALIZED_AUTOS = YES_AGGRESSIVE;
				GCC_WARN_UNUSED_FUNCTION = YES;
				GCC_WARN_UNUSED_VARIABLE = YES;
				IPHONEOS_DEPLOYMENT_TARGET = 10.1;
				MTL_ENABLE_DEBUG_INFO = NO;
				SDKROOT = iphoneos;
				SWIFT_COMPILATION_MODE = wholemodule;
				SWIFT_OPTIMIZATION_LEVEL = "-O";
				VALIDATE_PRODUCT = YES;
			};
			name = Release;
		};
		2C7662A11DF1003500A2C38C /* Debug */ = {
			isa = XCBuildConfiguration;
			baseConfigurationReference = E6DC3E79C90D7B3864943004 /* Pods-talktrans.debug.xcconfig */;
			buildSettings = {
				ALWAYS_EMBED_SWIFT_STANDARD_LIBRARIES = "$(inherited)";
				ASSETCATALOG_COMPILER_APPICON_NAME = AppIcon;
				"CODE_SIGN_IDENTITY[sdk=iphoneos*]" = "iPhone Developer";
				CODE_SIGN_STYLE = Automatic;
				CURRENT_PROJECT_VERSION = 0;
				DEVELOPMENT_TEAM = M29A6H95KD;
				INFOPLIST_FILE = talktrans/Info.plist;
				IPHONEOS_DEPLOYMENT_TARGET = 10.0;
				LD_RUNPATH_SEARCH_PATHS = (
					"$(inherited)",
					"@executable_path/Frameworks",
				);
				MARKETING_VERSION = 1.1.10;
				PRODUCT_BUNDLE_IDENTIFIER = com.credif.talktrans;
				PRODUCT_NAME = "$(TARGET_NAME)";
				PROVISIONING_PROFILE = "";
				PROVISIONING_PROFILE_SPECIFIER = "";
				SWIFT_SWIFT3_OBJC_INFERENCE = Default;
				SWIFT_VERSION = 5.0;
				TARGETED_DEVICE_FAMILY = "1,2";
			};
			name = Debug;
		};
		2C7662A21DF1003500A2C38C /* Release */ = {
			isa = XCBuildConfiguration;
			baseConfigurationReference = 8CE5313D2B45DD3372622BC3 /* Pods-talktrans.release.xcconfig */;
			buildSettings = {
				ALWAYS_EMBED_SWIFT_STANDARD_LIBRARIES = "$(inherited)";
				ASSETCATALOG_COMPILER_APPICON_NAME = AppIcon;
				"CODE_SIGN_IDENTITY[sdk=iphoneos*]" = "iPhone Developer";
				CODE_SIGN_STYLE = Automatic;
				CURRENT_PROJECT_VERSION = 0;
				DEVELOPMENT_TEAM = M29A6H95KD;
				INFOPLIST_FILE = talktrans/Info.plist;
				IPHONEOS_DEPLOYMENT_TARGET = 10.0;
				LD_RUNPATH_SEARCH_PATHS = (
					"$(inherited)",
					"@executable_path/Frameworks",
				);
				MARKETING_VERSION = 1.1.10;
				PRODUCT_BUNDLE_IDENTIFIER = com.credif.talktrans;
				PRODUCT_NAME = "$(TARGET_NAME)";
				PROVISIONING_PROFILE = "";
				PROVISIONING_PROFILE_SPECIFIER = "";
				SWIFT_SWIFT3_OBJC_INFERENCE = Default;
				SWIFT_VERSION = 5.0;
				TARGETED_DEVICE_FAMILY = "1,2";
			};
			name = Release;
		};
		2C7662A41DF1003500A2C38C /* Debug */ = {
			isa = XCBuildConfiguration;
			baseConfigurationReference = 343EC210D3DB6E53165DFE1A /* Pods-talktransTests.debug.xcconfig */;
			buildSettings = {
				ALWAYS_EMBED_SWIFT_STANDARD_LIBRARIES = "$(inherited)";
				BUNDLE_LOADER = "$(TEST_HOST)";
				DEVELOPMENT_TEAM = Q5YYY27YSF;
				INFOPLIST_FILE = talktransTests/Info.plist;
				LD_RUNPATH_SEARCH_PATHS = (
					"$(inherited)",
					"@executable_path/Frameworks",
					"@loader_path/Frameworks",
				);
				PRODUCT_BUNDLE_IDENTIFIER = com.leesam.talktransTests;
				PRODUCT_NAME = "$(TARGET_NAME)";
				SWIFT_SWIFT3_OBJC_INFERENCE = Default;
				SWIFT_VERSION = 4.0;
				TEST_HOST = "$(BUILT_PRODUCTS_DIR)/talktrans.app/talktrans";
			};
			name = Debug;
		};
		2C7662A51DF1003500A2C38C /* Release */ = {
			isa = XCBuildConfiguration;
			baseConfigurationReference = 15A5DF8C20BE64F79C5108B9 /* Pods-talktransTests.release.xcconfig */;
			buildSettings = {
				ALWAYS_EMBED_SWIFT_STANDARD_LIBRARIES = "$(inherited)";
				BUNDLE_LOADER = "$(TEST_HOST)";
				DEVELOPMENT_TEAM = Q5YYY27YSF;
				INFOPLIST_FILE = talktransTests/Info.plist;
				LD_RUNPATH_SEARCH_PATHS = (
					"$(inherited)",
					"@executable_path/Frameworks",
					"@loader_path/Frameworks",
				);
				PRODUCT_BUNDLE_IDENTIFIER = com.leesam.talktransTests;
				PRODUCT_NAME = "$(TARGET_NAME)";
				SWIFT_SWIFT3_OBJC_INFERENCE = Default;
				SWIFT_VERSION = 4.0;
				TEST_HOST = "$(BUILT_PRODUCTS_DIR)/talktrans.app/talktrans";
			};
			name = Release;
		};
		2C7662A71DF1003500A2C38C /* Debug */ = {
			isa = XCBuildConfiguration;
			baseConfigurationReference = 77D9ADD0757E214B897616DF /* Pods-talktransUITests.debug.xcconfig */;
			buildSettings = {
				ALWAYS_EMBED_SWIFT_STANDARD_LIBRARIES = "$(inherited)";
				DEVELOPMENT_TEAM = Q5YYY27YSF;
				INFOPLIST_FILE = talktransUITests/Info.plist;
				LD_RUNPATH_SEARCH_PATHS = (
					"$(inherited)",
					"@executable_path/Frameworks",
					"@loader_path/Frameworks",
				);
				PRODUCT_BUNDLE_IDENTIFIER = com.leesam.talktransUITests;
				PRODUCT_NAME = "$(TARGET_NAME)";
				SWIFT_SWIFT3_OBJC_INFERENCE = Default;
				SWIFT_VERSION = 4.0;
				TEST_TARGET_NAME = talktrans;
			};
			name = Debug;
		};
		2C7662A81DF1003500A2C38C /* Release */ = {
			isa = XCBuildConfiguration;
			baseConfigurationReference = 41E6CD294DC95F9D1278E652 /* Pods-talktransUITests.release.xcconfig */;
			buildSettings = {
				ALWAYS_EMBED_SWIFT_STANDARD_LIBRARIES = "$(inherited)";
				DEVELOPMENT_TEAM = Q5YYY27YSF;
				INFOPLIST_FILE = talktransUITests/Info.plist;
				LD_RUNPATH_SEARCH_PATHS = (
					"$(inherited)",
					"@executable_path/Frameworks",
					"@loader_path/Frameworks",
				);
				PRODUCT_BUNDLE_IDENTIFIER = com.leesam.talktransUITests;
				PRODUCT_NAME = "$(TARGET_NAME)";
				SWIFT_SWIFT3_OBJC_INFERENCE = Default;
				SWIFT_VERSION = 4.0;
				TEST_TARGET_NAME = talktrans;
			};
			name = Release;
		};
/* End XCBuildConfiguration section */

/* Begin XCConfigurationList section */
		2C7662701DF1003500A2C38C /* Build configuration list for PBXProject "talktrans" */ = {
			isa = XCConfigurationList;
			buildConfigurations = (
				2C76629E1DF1003500A2C38C /* Debug */,
				2C76629F1DF1003500A2C38C /* Release */,
			);
			defaultConfigurationIsVisible = 0;
			defaultConfigurationName = Release;
		};
		2C7662A01DF1003500A2C38C /* Build configuration list for PBXNativeTarget "talktrans" */ = {
			isa = XCConfigurationList;
			buildConfigurations = (
				2C7662A11DF1003500A2C38C /* Debug */,
				2C7662A21DF1003500A2C38C /* Release */,
			);
			defaultConfigurationIsVisible = 0;
			defaultConfigurationName = Release;
		};
		2C7662A31DF1003500A2C38C /* Build configuration list for PBXNativeTarget "talktransTests" */ = {
			isa = XCConfigurationList;
			buildConfigurations = (
				2C7662A41DF1003500A2C38C /* Debug */,
				2C7662A51DF1003500A2C38C /* Release */,
			);
			defaultConfigurationIsVisible = 0;
			defaultConfigurationName = Release;
		};
		2C7662A61DF1003500A2C38C /* Build configuration list for PBXNativeTarget "talktransUITests" */ = {
			isa = XCConfigurationList;
			buildConfigurations = (
				2C7662A71DF1003500A2C38C /* Debug */,
				2C7662A81DF1003500A2C38C /* Release */,
			);
			defaultConfigurationIsVisible = 0;
			defaultConfigurationName = Release;
		};
/* End XCConfigurationList section */

/* Begin XCVersionGroup section */
		2C76627F1DF1003500A2C38C /* talktrans.xcdatamodeld */ = {
			isa = XCVersionGroup;
			children = (
				2C7662801DF1003500A2C38C /* talktrans.xcdatamodel */,
			);
			currentVersion = 2C7662801DF1003500A2C38C /* talktrans.xcdatamodel */;
			path = talktrans.xcdatamodeld;
			sourceTree = "<group>";
			versionGroupType = wrapper.xcdatamodel;
		};
/* End XCVersionGroup section */
	};
	rootObject = 2C76626D1DF1003500A2C38C /* Project object */;
}
